// !$*UTF8*$!
{
	archiveVersion = 1;
	classes = {
	};
	objectVersion = 55;
	objects = {

/* Begin PBXBuildFile section */
		DD2AF403287F61FB0017A64C /* TbilisiCleanupsApp.swift in Sources */ = {isa = PBXBuildFile; fileRef = DD2AF402287F61FB0017A64C /* TbilisiCleanupsApp.swift */; };
		DD2AF405287F61FB0017A64C /* RootView.swift in Sources */ = {isa = PBXBuildFile; fileRef = DD2AF404287F61FB0017A64C /* RootView.swift */; };
		DD2AF407287F61FC0017A64C /* Assets.xcassets in Resources */ = {isa = PBXBuildFile; fileRef = DD2AF406287F61FC0017A64C /* Assets.xcassets */; };
		DD2AF40A287F61FC0017A64C /* Preview Assets.xcassets in Resources */ = {isa = PBXBuildFile; fileRef = DD2AF409287F61FC0017A64C /* Preview Assets.xcassets */; };
		DD2AF414287F61FC0017A64C /* TbilisiCleanupsTests.swift in Sources */ = {isa = PBXBuildFile; fileRef = DD2AF413287F61FC0017A64C /* TbilisiCleanupsTests.swift */; };
		DD2AF41E287F61FC0017A64C /* TbilisiCleanupsUITests.swift in Sources */ = {isa = PBXBuildFile; fileRef = DD2AF41D287F61FC0017A64C /* TbilisiCleanupsUITests.swift */; };
		DD2AF420287F61FC0017A64C /* TbilisiCleanupsUITestsLaunchTests.swift in Sources */ = {isa = PBXBuildFile; fileRef = DD2AF41F287F61FC0017A64C /* TbilisiCleanupsUITestsLaunchTests.swift */; };
		DD2AF450287F63E50017A64C /* FirebaseCrashlytics.xcframework in Frameworks */ = {isa = PBXBuildFile; fileRef = DD2AF42E287F63E50017A64C /* FirebaseCrashlytics.xcframework */; };
		DD2AF451287F63E50017A64C /* run in Resources */ = {isa = PBXBuildFile; fileRef = DD2AF42F287F63E50017A64C /* run */; };
		DD2AF452287F63E50017A64C /* upload-symbols in Resources */ = {isa = PBXBuildFile; fileRef = DD2AF430287F63E50017A64C /* upload-symbols */; };
		DD2AF453287F63E50017A64C /* FirebaseAuth.xcframework in Frameworks */ = {isa = PBXBuildFile; fileRef = DD2AF432287F63E50017A64C /* FirebaseAuth.xcframework */; };
		DD2AF454287F63E50017A64C /* GTMSessionFetcher.xcframework in Frameworks */ = {isa = PBXBuildFile; fileRef = DD2AF433287F63E50017A64C /* GTMSessionFetcher.xcframework */; };
		DD2AF455287F63E50017A64C /* FirebaseFirestore.xcframework in Frameworks */ = {isa = PBXBuildFile; fileRef = DD2AF436287F63E50017A64C /* FirebaseFirestore.xcframework */; };
		DD2AF456287F63E50017A64C /* gRPC-Core.xcframework in Frameworks */ = {isa = PBXBuildFile; fileRef = DD2AF437287F63E50017A64C /* gRPC-Core.xcframework */; };
		DD2AF457287F63E50017A64C /* gRPCCertificates-Cpp.bundle in Resources */ = {isa = PBXBuildFile; fileRef = DD2AF439287F63E50017A64C /* gRPCCertificates-Cpp.bundle */; };
		DD2AF458287F63E50017A64C /* Libuv-gRPC.xcframework in Frameworks */ = {isa = PBXBuildFile; fileRef = DD2AF43A287F63E50017A64C /* Libuv-gRPC.xcframework */; };
		DD2AF459287F63E50017A64C /* leveldb-library.xcframework in Frameworks */ = {isa = PBXBuildFile; fileRef = DD2AF43B287F63E50017A64C /* leveldb-library.xcframework */; };
		DD2AF45A287F63E50017A64C /* gRPC-C++.xcframework in Frameworks */ = {isa = PBXBuildFile; fileRef = DD2AF43C287F63E50017A64C /* gRPC-C++.xcframework */; };
		DD2AF45B287F63E50017A64C /* BoringSSL-GRPC.xcframework in Frameworks */ = {isa = PBXBuildFile; fileRef = DD2AF43D287F63E50017A64C /* BoringSSL-GRPC.xcframework */; };
		DD2AF45C287F63E50017A64C /* FirebaseFirestoreSwift.xcframework in Frameworks */ = {isa = PBXBuildFile; fileRef = DD2AF43E287F63E50017A64C /* FirebaseFirestoreSwift.xcframework */; };
		DD2AF45D287F63E50017A64C /* abseil.xcframework in Frameworks */ = {isa = PBXBuildFile; fileRef = DD2AF43F287F63E50017A64C /* abseil.xcframework */; };
		DD2AF45E287F63E50017A64C /* GoogleService-Info.plist in Resources */ = {isa = PBXBuildFile; fileRef = DD2AF440287F63E50017A64C /* GoogleService-Info.plist */; };
		DD2AF45F287F63E50017A64C /* nanopb.xcframework in Frameworks */ = {isa = PBXBuildFile; fileRef = DD2AF442287F63E50017A64C /* nanopb.xcframework */; };
		DD2AF460287F63E50017A64C /* PromisesObjC.xcframework in Frameworks */ = {isa = PBXBuildFile; fileRef = DD2AF443287F63E50017A64C /* PromisesObjC.xcframework */; };
		DD2AF461287F63E50017A64C /* FirebaseAnalytics.xcframework in Frameworks */ = {isa = PBXBuildFile; fileRef = DD2AF444287F63E50017A64C /* FirebaseAnalytics.xcframework */; };
		DD2AF462287F63E50017A64C /* FirebaseAnalyticsSwift.xcframework in Frameworks */ = {isa = PBXBuildFile; fileRef = DD2AF445287F63E50017A64C /* FirebaseAnalyticsSwift.xcframework */; };
		DD2AF463287F63E50017A64C /* FirebaseCoreDiagnostics.xcframework in Frameworks */ = {isa = PBXBuildFile; fileRef = DD2AF446287F63E50017A64C /* FirebaseCoreDiagnostics.xcframework */; };
		DD2AF464287F63E50017A64C /* FirebaseInstallations.xcframework in Frameworks */ = {isa = PBXBuildFile; fileRef = DD2AF447287F63E50017A64C /* FirebaseInstallations.xcframework */; };
		DD2AF465287F63E50017A64C /* FirebaseCore.xcframework in Frameworks */ = {isa = PBXBuildFile; fileRef = DD2AF448287F63E50017A64C /* FirebaseCore.xcframework */; };
		DD2AF466287F63E50017A64C /* FirebaseCoreInternal.xcframework in Frameworks */ = {isa = PBXBuildFile; fileRef = DD2AF449287F63E50017A64C /* FirebaseCoreInternal.xcframework */; };
		DD2AF467287F63E50017A64C /* GoogleDataTransport.xcframework in Frameworks */ = {isa = PBXBuildFile; fileRef = DD2AF44A287F63E50017A64C /* GoogleDataTransport.xcframework */; };
		DD2AF468287F63E50017A64C /* GoogleAppMeasurement.xcframework in Frameworks */ = {isa = PBXBuildFile; fileRef = DD2AF44B287F63E50017A64C /* GoogleAppMeasurement.xcframework */; };
		DD2AF469287F63E50017A64C /* GoogleUtilities.xcframework in Frameworks */ = {isa = PBXBuildFile; fileRef = DD2AF44C287F63E50017A64C /* GoogleUtilities.xcframework */; };
		DD2AF46A287F63E50017A64C /* FirebaseMessaging.xcframework in Frameworks */ = {isa = PBXBuildFile; fileRef = DD2AF44E287F63E50017A64C /* FirebaseMessaging.xcframework */; };
		DD2AF46C287F67B60017A64C /* ReportStartView.swift in Sources */ = {isa = PBXBuildFile; fileRef = DD2AF46B287F67B60017A64C /* ReportStartView.swift */; };
		DD2AF46E287F71B70017A64C /* ReportLocationView.swift in Sources */ = {isa = PBXBuildFile; fileRef = DD2AF46D287F71B70017A64C /* ReportLocationView.swift */; };
		DD2AF470288054860017A64C /* ReportLocationViewModel.swift in Sources */ = {isa = PBXBuildFile; fileRef = DD2AF46F288054860017A64C /* ReportLocationViewModel.swift */; };
		DD2AF4722881EB030017A64C /* ReportDescriptionView.swift in Sources */ = {isa = PBXBuildFile; fileRef = DD2AF4712881EB030017A64C /* ReportDescriptionView.swift */; };
		DD2AF4752881EED10017A64C /* AppState.swift in Sources */ = {isa = PBXBuildFile; fileRef = DD2AF4742881EED10017A64C /* AppState.swift */; };
		DD2AF477288209940017A64C /* ReportPhotosView.swift in Sources */ = {isa = PBXBuildFile; fileRef = DD2AF476288209940017A64C /* ReportPhotosView.swift */; };
		DD2AF479288209BD0017A64C /* ReportPhotosViewModel.swift in Sources */ = {isa = PBXBuildFile; fileRef = DD2AF478288209BD0017A64C /* ReportPhotosViewModel.swift */; };
		DD2AF47C28821AF90017A64C /* PhotoPicker.swift in Sources */ = {isa = PBXBuildFile; fileRef = DD2AF47B28821AF90017A64C /* PhotoPicker.swift */; };
		DDCE7803288308E100ACA7BF /* MapView.swift in Sources */ = {isa = PBXBuildFile; fileRef = DDCE7802288308E100ACA7BF /* MapView.swift */; };
		DDCE781F2883697800ACA7BF /* OverlayNavigationLink.swift in Sources */ = {isa = PBXBuildFile; fileRef = DDCE781E2883697800ACA7BF /* OverlayNavigationLink.swift */; };
/* End PBXBuildFile section */

/* Begin PBXContainerItemProxy section */
		DD2AF410287F61FC0017A64C /* PBXContainerItemProxy */ = {
			isa = PBXContainerItemProxy;
			containerPortal = DD2AF3F7287F61FB0017A64C /* Project object */;
			proxyType = 1;
			remoteGlobalIDString = DD2AF3FE287F61FB0017A64C;
			remoteInfo = TbilisiCleanups;
		};
		DD2AF41A287F61FC0017A64C /* PBXContainerItemProxy */ = {
			isa = PBXContainerItemProxy;
			containerPortal = DD2AF3F7287F61FB0017A64C /* Project object */;
			proxyType = 1;
			remoteGlobalIDString = DD2AF3FE287F61FB0017A64C;
			remoteInfo = TbilisiCleanups;
		};
/* End PBXContainerItemProxy section */

/* Begin PBXFileReference section */
		DD2AF3FF287F61FB0017A64C /* TbilisiCleanups.app */ = {isa = PBXFileReference; explicitFileType = wrapper.application; includeInIndex = 0; path = TbilisiCleanups.app; sourceTree = BUILT_PRODUCTS_DIR; };
		DD2AF402287F61FB0017A64C /* TbilisiCleanupsApp.swift */ = {isa = PBXFileReference; lastKnownFileType = sourcecode.swift; path = TbilisiCleanupsApp.swift; sourceTree = "<group>"; };
		DD2AF404287F61FB0017A64C /* RootView.swift */ = {isa = PBXFileReference; lastKnownFileType = sourcecode.swift; path = RootView.swift; sourceTree = "<group>"; };
		DD2AF406287F61FC0017A64C /* Assets.xcassets */ = {isa = PBXFileReference; lastKnownFileType = folder.assetcatalog; path = Assets.xcassets; sourceTree = "<group>"; };
		DD2AF409287F61FC0017A64C /* Preview Assets.xcassets */ = {isa = PBXFileReference; lastKnownFileType = folder.assetcatalog; path = "Preview Assets.xcassets"; sourceTree = "<group>"; };
		DD2AF40F287F61FC0017A64C /* TbilisiCleanupsTests.xctest */ = {isa = PBXFileReference; explicitFileType = wrapper.cfbundle; includeInIndex = 0; path = TbilisiCleanupsTests.xctest; sourceTree = BUILT_PRODUCTS_DIR; };
		DD2AF413287F61FC0017A64C /* TbilisiCleanupsTests.swift */ = {isa = PBXFileReference; lastKnownFileType = sourcecode.swift; path = TbilisiCleanupsTests.swift; sourceTree = "<group>"; };
		DD2AF419287F61FC0017A64C /* TbilisiCleanupsUITests.xctest */ = {isa = PBXFileReference; explicitFileType = wrapper.cfbundle; includeInIndex = 0; path = TbilisiCleanupsUITests.xctest; sourceTree = BUILT_PRODUCTS_DIR; };
		DD2AF41D287F61FC0017A64C /* TbilisiCleanupsUITests.swift */ = {isa = PBXFileReference; lastKnownFileType = sourcecode.swift; path = TbilisiCleanupsUITests.swift; sourceTree = "<group>"; };
		DD2AF41F287F61FC0017A64C /* TbilisiCleanupsUITestsLaunchTests.swift */ = {isa = PBXFileReference; lastKnownFileType = sourcecode.swift; path = TbilisiCleanupsUITestsLaunchTests.swift; sourceTree = "<group>"; };
		DD2AF42E287F63E50017A64C /* FirebaseCrashlytics.xcframework */ = {isa = PBXFileReference; lastKnownFileType = wrapper.xcframework; path = FirebaseCrashlytics.xcframework; sourceTree = "<group>"; };
		DD2AF42F287F63E50017A64C /* run */ = {isa = PBXFileReference; fileEncoding = 4; lastKnownFileType = text.script.sh; path = run; sourceTree = "<group>"; };
		DD2AF430287F63E50017A64C /* upload-symbols */ = {isa = PBXFileReference; lastKnownFileType = "compiled.mach-o.executable"; path = "upload-symbols"; sourceTree = "<group>"; };
		DD2AF432287F63E50017A64C /* FirebaseAuth.xcframework */ = {isa = PBXFileReference; lastKnownFileType = wrapper.xcframework; path = FirebaseAuth.xcframework; sourceTree = "<group>"; };
		DD2AF433287F63E50017A64C /* GTMSessionFetcher.xcframework */ = {isa = PBXFileReference; lastKnownFileType = wrapper.xcframework; path = GTMSessionFetcher.xcframework; sourceTree = "<group>"; };
		DD2AF434287F63E50017A64C /* Firebase.h */ = {isa = PBXFileReference; fileEncoding = 4; lastKnownFileType = sourcecode.c.h; path = Firebase.h; sourceTree = "<group>"; };
		DD2AF436287F63E50017A64C /* FirebaseFirestore.xcframework */ = {isa = PBXFileReference; lastKnownFileType = wrapper.xcframework; path = FirebaseFirestore.xcframework; sourceTree = "<group>"; };
		DD2AF437287F63E50017A64C /* gRPC-Core.xcframework */ = {isa = PBXFileReference; lastKnownFileType = wrapper.xcframework; path = "gRPC-Core.xcframework"; sourceTree = "<group>"; };
		DD2AF439287F63E50017A64C /* gRPCCertificates-Cpp.bundle */ = {isa = PBXFileReference; lastKnownFileType = "wrapper.plug-in"; path = "gRPCCertificates-Cpp.bundle"; sourceTree = "<group>"; };
		DD2AF43A287F63E50017A64C /* Libuv-gRPC.xcframework */ = {isa = PBXFileReference; lastKnownFileType = wrapper.xcframework; path = "Libuv-gRPC.xcframework"; sourceTree = "<group>"; };
		DD2AF43B287F63E50017A64C /* leveldb-library.xcframework */ = {isa = PBXFileReference; lastKnownFileType = wrapper.xcframework; path = "leveldb-library.xcframework"; sourceTree = "<group>"; };
		DD2AF43C287F63E50017A64C /* gRPC-C++.xcframework */ = {isa = PBXFileReference; lastKnownFileType = wrapper.xcframework; path = "gRPC-C++.xcframework"; sourceTree = "<group>"; };
		DD2AF43D287F63E50017A64C /* BoringSSL-GRPC.xcframework */ = {isa = PBXFileReference; lastKnownFileType = wrapper.xcframework; path = "BoringSSL-GRPC.xcframework"; sourceTree = "<group>"; };
		DD2AF43E287F63E50017A64C /* FirebaseFirestoreSwift.xcframework */ = {isa = PBXFileReference; lastKnownFileType = wrapper.xcframework; path = FirebaseFirestoreSwift.xcframework; sourceTree = "<group>"; };
		DD2AF43F287F63E50017A64C /* abseil.xcframework */ = {isa = PBXFileReference; lastKnownFileType = wrapper.xcframework; path = abseil.xcframework; sourceTree = "<group>"; };
		DD2AF440287F63E50017A64C /* GoogleService-Info.plist */ = {isa = PBXFileReference; fileEncoding = 4; lastKnownFileType = text.plist.xml; path = "GoogleService-Info.plist"; sourceTree = "<group>"; };
		DD2AF442287F63E50017A64C /* nanopb.xcframework */ = {isa = PBXFileReference; lastKnownFileType = wrapper.xcframework; path = nanopb.xcframework; sourceTree = "<group>"; };
		DD2AF443287F63E50017A64C /* PromisesObjC.xcframework */ = {isa = PBXFileReference; lastKnownFileType = wrapper.xcframework; path = PromisesObjC.xcframework; sourceTree = "<group>"; };
		DD2AF444287F63E50017A64C /* FirebaseAnalytics.xcframework */ = {isa = PBXFileReference; lastKnownFileType = wrapper.xcframework; path = FirebaseAnalytics.xcframework; sourceTree = "<group>"; };
		DD2AF445287F63E50017A64C /* FirebaseAnalyticsSwift.xcframework */ = {isa = PBXFileReference; lastKnownFileType = wrapper.xcframework; path = FirebaseAnalyticsSwift.xcframework; sourceTree = "<group>"; };
		DD2AF446287F63E50017A64C /* FirebaseCoreDiagnostics.xcframework */ = {isa = PBXFileReference; lastKnownFileType = wrapper.xcframework; path = FirebaseCoreDiagnostics.xcframework; sourceTree = "<group>"; };
		DD2AF447287F63E50017A64C /* FirebaseInstallations.xcframework */ = {isa = PBXFileReference; lastKnownFileType = wrapper.xcframework; path = FirebaseInstallations.xcframework; sourceTree = "<group>"; };
		DD2AF448287F63E50017A64C /* FirebaseCore.xcframework */ = {isa = PBXFileReference; lastKnownFileType = wrapper.xcframework; path = FirebaseCore.xcframework; sourceTree = "<group>"; };
		DD2AF449287F63E50017A64C /* FirebaseCoreInternal.xcframework */ = {isa = PBXFileReference; lastKnownFileType = wrapper.xcframework; path = FirebaseCoreInternal.xcframework; sourceTree = "<group>"; };
		DD2AF44A287F63E50017A64C /* GoogleDataTransport.xcframework */ = {isa = PBXFileReference; lastKnownFileType = wrapper.xcframework; path = GoogleDataTransport.xcframework; sourceTree = "<group>"; };
		DD2AF44B287F63E50017A64C /* GoogleAppMeasurement.xcframework */ = {isa = PBXFileReference; lastKnownFileType = wrapper.xcframework; path = GoogleAppMeasurement.xcframework; sourceTree = "<group>"; };
		DD2AF44C287F63E50017A64C /* GoogleUtilities.xcframework */ = {isa = PBXFileReference; lastKnownFileType = wrapper.xcframework; path = GoogleUtilities.xcframework; sourceTree = "<group>"; };
		DD2AF44E287F63E50017A64C /* FirebaseMessaging.xcframework */ = {isa = PBXFileReference; lastKnownFileType = wrapper.xcframework; path = FirebaseMessaging.xcframework; sourceTree = "<group>"; };
		DD2AF44F287F63E50017A64C /* module.modulemap */ = {isa = PBXFileReference; fileEncoding = 4; lastKnownFileType = "sourcecode.module-map"; path = module.modulemap; sourceTree = "<group>"; };
		DD2AF46B287F67B60017A64C /* ReportStartView.swift */ = {isa = PBXFileReference; lastKnownFileType = sourcecode.swift; path = ReportStartView.swift; sourceTree = "<group>"; };
		DD2AF46D287F71B70017A64C /* ReportLocationView.swift */ = {isa = PBXFileReference; lastKnownFileType = sourcecode.swift; path = ReportLocationView.swift; sourceTree = "<group>"; };
		DD2AF46F288054860017A64C /* ReportLocationViewModel.swift */ = {isa = PBXFileReference; lastKnownFileType = sourcecode.swift; path = ReportLocationViewModel.swift; sourceTree = "<group>"; };
		DD2AF4712881EB030017A64C /* ReportDescriptionView.swift */ = {isa = PBXFileReference; lastKnownFileType = sourcecode.swift; path = ReportDescriptionView.swift; sourceTree = "<group>"; };
		DD2AF4742881EED10017A64C /* AppState.swift */ = {isa = PBXFileReference; lastKnownFileType = sourcecode.swift; path = AppState.swift; sourceTree = "<group>"; };
		DD2AF476288209940017A64C /* ReportPhotosView.swift */ = {isa = PBXFileReference; lastKnownFileType = sourcecode.swift; path = ReportPhotosView.swift; sourceTree = "<group>"; };
		DD2AF478288209BD0017A64C /* ReportPhotosViewModel.swift */ = {isa = PBXFileReference; lastKnownFileType = sourcecode.swift; path = ReportPhotosViewModel.swift; sourceTree = "<group>"; };
		DD2AF47B28821AF90017A64C /* PhotoPicker.swift */ = {isa = PBXFileReference; lastKnownFileType = sourcecode.swift; path = PhotoPicker.swift; sourceTree = "<group>"; };
		DDCE77F82882E9E300ACA7BF /* TbilisiCleanups.entitlements */ = {isa = PBXFileReference; lastKnownFileType = text.plist.entitlements; path = TbilisiCleanups.entitlements; sourceTree = "<group>"; };
		DDCE77F92882EA0C00ACA7BF /* Info.plist */ = {isa = PBXFileReference; lastKnownFileType = text.plist; path = Info.plist; sourceTree = "<group>"; };
		DDCE7802288308E100ACA7BF /* MapView.swift */ = {isa = PBXFileReference; lastKnownFileType = sourcecode.swift; path = MapView.swift; sourceTree = "<group>"; };
		DDCE781E2883697800ACA7BF /* OverlayNavigationLink.swift */ = {isa = PBXFileReference; lastKnownFileType = sourcecode.swift; path = OverlayNavigationLink.swift; sourceTree = "<group>"; };
/* End PBXFileReference section */

/* Begin PBXFrameworksBuildPhase section */
		DD2AF3FC287F61FB0017A64C /* Frameworks */ = {
			isa = PBXFrameworksBuildPhase;
			buildActionMask = 2147483647;
			files = (
				DD2AF455287F63E50017A64C /* FirebaseFirestore.xcframework in Frameworks */,
				DD2AF46A287F63E50017A64C /* FirebaseMessaging.xcframework in Frameworks */,
				DD2AF453287F63E50017A64C /* FirebaseAuth.xcframework in Frameworks */,
				DD2AF459287F63E50017A64C /* leveldb-library.xcframework in Frameworks */,
				DD2AF45F287F63E50017A64C /* nanopb.xcframework in Frameworks */,
				DD2AF450287F63E50017A64C /* FirebaseCrashlytics.xcframework in Frameworks */,
				DD2AF454287F63E50017A64C /* GTMSessionFetcher.xcframework in Frameworks */,
				DD2AF464287F63E50017A64C /* FirebaseInstallations.xcframework in Frameworks */,
				DD2AF468287F63E50017A64C /* GoogleAppMeasurement.xcframework in Frameworks */,
				DD2AF462287F63E50017A64C /* FirebaseAnalyticsSwift.xcframework in Frameworks */,
				DD2AF45A287F63E50017A64C /* gRPC-C++.xcframework in Frameworks */,
				DD2AF458287F63E50017A64C /* Libuv-gRPC.xcframework in Frameworks */,
				DD2AF467287F63E50017A64C /* GoogleDataTransport.xcframework in Frameworks */,
				DD2AF45B287F63E50017A64C /* BoringSSL-GRPC.xcframework in Frameworks */,
				DD2AF45D287F63E50017A64C /* abseil.xcframework in Frameworks */,
				DD2AF460287F63E50017A64C /* PromisesObjC.xcframework in Frameworks */,
				DD2AF469287F63E50017A64C /* GoogleUtilities.xcframework in Frameworks */,
				DD2AF465287F63E50017A64C /* FirebaseCore.xcframework in Frameworks */,
				DD2AF466287F63E50017A64C /* FirebaseCoreInternal.xcframework in Frameworks */,
				DD2AF463287F63E50017A64C /* FirebaseCoreDiagnostics.xcframework in Frameworks */,
				DD2AF461287F63E50017A64C /* FirebaseAnalytics.xcframework in Frameworks */,
				DD2AF45C287F63E50017A64C /* FirebaseFirestoreSwift.xcframework in Frameworks */,
				DD2AF456287F63E50017A64C /* gRPC-Core.xcframework in Frameworks */,
			);
			runOnlyForDeploymentPostprocessing = 0;
		};
		DD2AF40C287F61FC0017A64C /* Frameworks */ = {
			isa = PBXFrameworksBuildPhase;
			buildActionMask = 2147483647;
			files = (
			);
			runOnlyForDeploymentPostprocessing = 0;
		};
		DD2AF416287F61FC0017A64C /* Frameworks */ = {
			isa = PBXFrameworksBuildPhase;
			buildActionMask = 2147483647;
			files = (
			);
			runOnlyForDeploymentPostprocessing = 0;
		};
/* End PBXFrameworksBuildPhase section */

/* Begin PBXGroup section */
		DD2AF3F6287F61FB0017A64C = {
			isa = PBXGroup;
			children = (
				DD2AF401287F61FB0017A64C /* TbilisiCleanups */,
				DD2AF412287F61FC0017A64C /* TbilisiCleanupsTests */,
				DD2AF41C287F61FC0017A64C /* TbilisiCleanupsUITests */,
				DD2AF42C287F63E50017A64C /* Firebase */,
				DD2AF400287F61FB0017A64C /* Products */,
			);
			sourceTree = "<group>";
		};
		DD2AF400287F61FB0017A64C /* Products */ = {
			isa = PBXGroup;
			children = (
				DD2AF3FF287F61FB0017A64C /* TbilisiCleanups.app */,
				DD2AF40F287F61FC0017A64C /* TbilisiCleanupsTests.xctest */,
				DD2AF419287F61FC0017A64C /* TbilisiCleanupsUITests.xctest */,
			);
			name = Products;
			sourceTree = "<group>";
		};
		DD2AF401287F61FB0017A64C /* TbilisiCleanups */ = {
			isa = PBXGroup;
			children = (
				DDCE78012882F4B200ACA7BF /* App */,
				DDCE77F92882EA0C00ACA7BF /* Info.plist */,
				DD2AF408287F61FC0017A64C /* Preview Content */,
				DDCE77FA2882F43800ACA7BF /* Resources */,
				DD2AF4732881EEC30017A64C /* State */,
				DDCE77F82882E9E300ACA7BF /* TbilisiCleanups.entitlements */,
				DD2AF47A28821AE00017A64C /* UI Components */,
				DDCE77FB2882F44A00ACA7BF /* Views */,
			);
			path = TbilisiCleanups;
			sourceTree = "<group>";
		};
		DD2AF408287F61FC0017A64C /* Preview Content */ = {
			isa = PBXGroup;
			children = (
				DD2AF409287F61FC0017A64C /* Preview Assets.xcassets */,
			);
			path = "Preview Content";
			sourceTree = "<group>";
		};
		DD2AF412287F61FC0017A64C /* TbilisiCleanupsTests */ = {
			isa = PBXGroup;
			children = (
				DD2AF413287F61FC0017A64C /* TbilisiCleanupsTests.swift */,
			);
			path = TbilisiCleanupsTests;
			sourceTree = "<group>";
		};
		DD2AF41C287F61FC0017A64C /* TbilisiCleanupsUITests */ = {
			isa = PBXGroup;
			children = (
				DD2AF41D287F61FC0017A64C /* TbilisiCleanupsUITests.swift */,
				DD2AF41F287F61FC0017A64C /* TbilisiCleanupsUITestsLaunchTests.swift */,
			);
			path = TbilisiCleanupsUITests;
			sourceTree = "<group>";
		};
		DD2AF42C287F63E50017A64C /* Firebase */ = {
			isa = PBXGroup;
			children = (
				DD2AF42D287F63E50017A64C /* FirebaseCrashlytics */,
				DD2AF431287F63E50017A64C /* FirebaseAuth */,
				DD2AF434287F63E50017A64C /* Firebase.h */,
				DD2AF435287F63E50017A64C /* FirebaseFirestore */,
				DD2AF440287F63E50017A64C /* GoogleService-Info.plist */,
				DD2AF441287F63E50017A64C /* FirebaseAnalytics */,
				DD2AF44D287F63E50017A64C /* FirebaseMessaging */,
				DD2AF44F287F63E50017A64C /* module.modulemap */,
			);
			path = Firebase;
			sourceTree = "<group>";
		};
		DD2AF42D287F63E50017A64C /* FirebaseCrashlytics */ = {
			isa = PBXGroup;
			children = (
				DD2AF42E287F63E50017A64C /* FirebaseCrashlytics.xcframework */,
				DD2AF42F287F63E50017A64C /* run */,
				DD2AF430287F63E50017A64C /* upload-symbols */,
			);
			path = FirebaseCrashlytics;
			sourceTree = "<group>";
		};
		DD2AF431287F63E50017A64C /* FirebaseAuth */ = {
			isa = PBXGroup;
			children = (
				DD2AF432287F63E50017A64C /* FirebaseAuth.xcframework */,
				DD2AF433287F63E50017A64C /* GTMSessionFetcher.xcframework */,
			);
			path = FirebaseAuth;
			sourceTree = "<group>";
		};
		DD2AF435287F63E50017A64C /* FirebaseFirestore */ = {
			isa = PBXGroup;
			children = (
				DD2AF436287F63E50017A64C /* FirebaseFirestore.xcframework */,
				DD2AF437287F63E50017A64C /* gRPC-Core.xcframework */,
				DD2AF438287F63E50017A64C /* Resources */,
				DD2AF43A287F63E50017A64C /* Libuv-gRPC.xcframework */,
				DD2AF43B287F63E50017A64C /* leveldb-library.xcframework */,
				DD2AF43C287F63E50017A64C /* gRPC-C++.xcframework */,
				DD2AF43D287F63E50017A64C /* BoringSSL-GRPC.xcframework */,
				DD2AF43E287F63E50017A64C /* FirebaseFirestoreSwift.xcframework */,
				DD2AF43F287F63E50017A64C /* abseil.xcframework */,
			);
			path = FirebaseFirestore;
			sourceTree = "<group>";
		};
		DD2AF438287F63E50017A64C /* Resources */ = {
			isa = PBXGroup;
			children = (
				DD2AF439287F63E50017A64C /* gRPCCertificates-Cpp.bundle */,
			);
			path = Resources;
			sourceTree = "<group>";
		};
		DD2AF441287F63E50017A64C /* FirebaseAnalytics */ = {
			isa = PBXGroup;
			children = (
				DD2AF442287F63E50017A64C /* nanopb.xcframework */,
				DD2AF443287F63E50017A64C /* PromisesObjC.xcframework */,
				DD2AF444287F63E50017A64C /* FirebaseAnalytics.xcframework */,
				DD2AF445287F63E50017A64C /* FirebaseAnalyticsSwift.xcframework */,
				DD2AF446287F63E50017A64C /* FirebaseCoreDiagnostics.xcframework */,
				DD2AF447287F63E50017A64C /* FirebaseInstallations.xcframework */,
				DD2AF448287F63E50017A64C /* FirebaseCore.xcframework */,
				DD2AF449287F63E50017A64C /* FirebaseCoreInternal.xcframework */,
				DD2AF44A287F63E50017A64C /* GoogleDataTransport.xcframework */,
				DD2AF44B287F63E50017A64C /* GoogleAppMeasurement.xcframework */,
				DD2AF44C287F63E50017A64C /* GoogleUtilities.xcframework */,
			);
			path = FirebaseAnalytics;
			sourceTree = "<group>";
		};
		DD2AF44D287F63E50017A64C /* FirebaseMessaging */ = {
			isa = PBXGroup;
			children = (
				DD2AF44E287F63E50017A64C /* FirebaseMessaging.xcframework */,
			);
			path = FirebaseMessaging;
			sourceTree = "<group>";
		};
		DD2AF4732881EEC30017A64C /* State */ = {
			isa = PBXGroup;
			children = (
				DD2AF4742881EED10017A64C /* AppState.swift */,
			);
			path = State;
			sourceTree = "<group>";
		};
		DD2AF47A28821AE00017A64C /* UI Components */ = {
			isa = PBXGroup;
			children = (
				DDCE7802288308E100ACA7BF /* MapView.swift */,
				DD2AF47B28821AF90017A64C /* PhotoPicker.swift */,
				DDCE781E2883697800ACA7BF /* OverlayNavigationLink.swift */,
			);
			path = "UI Components";
			sourceTree = "<group>";
		};
		DDCE77FA2882F43800ACA7BF /* Resources */ = {
			isa = PBXGroup;
			children = (
				DD2AF406287F61FC0017A64C /* Assets.xcassets */,
			);
			path = Resources;
			sourceTree = "<group>";
		};
		DDCE77FB2882F44A00ACA7BF /* Views */ = {
			isa = PBXGroup;
			children = (
				DDCE77FE2882F47600ACA7BF /* ReportDescriptionView */,
				DDCE77FC2882F45F00ACA7BF /* ReportLocationView */,
				DDCE78002882F48A00ACA7BF /* ReportPhotosView */,
				DDCE77FF2882F47F00ACA7BF /* ReportStartView */,
				DDCE77FD2882F46F00ACA7BF /* RootView */,
			);
			path = Views;
			sourceTree = "<group>";
		};
		DDCE77FC2882F45F00ACA7BF /* ReportLocationView */ = {
			isa = PBXGroup;
			children = (
				DD2AF46D287F71B70017A64C /* ReportLocationView.swift */,
				DD2AF46F288054860017A64C /* ReportLocationViewModel.swift */,
			);
			path = ReportLocationView;
			sourceTree = "<group>";
		};
		DDCE77FD2882F46F00ACA7BF /* RootView */ = {
			isa = PBXGroup;
			children = (
				DD2AF404287F61FB0017A64C /* RootView.swift */,
			);
			path = RootView;
			sourceTree = "<group>";
		};
		DDCE77FE2882F47600ACA7BF /* ReportDescriptionView */ = {
			isa = PBXGroup;
			children = (
				DD2AF4712881EB030017A64C /* ReportDescriptionView.swift */,
			);
			path = ReportDescriptionView;
			sourceTree = "<group>";
		};
		DDCE77FF2882F47F00ACA7BF /* ReportStartView */ = {
			isa = PBXGroup;
			children = (
				DD2AF46B287F67B60017A64C /* ReportStartView.swift */,
			);
			path = ReportStartView;
			sourceTree = "<group>";
		};
		DDCE78002882F48A00ACA7BF /* ReportPhotosView */ = {
			isa = PBXGroup;
			children = (
				DD2AF476288209940017A64C /* ReportPhotosView.swift */,
				DD2AF478288209BD0017A64C /* ReportPhotosViewModel.swift */,
			);
			path = ReportPhotosView;
			sourceTree = "<group>";
		};
		DDCE78012882F4B200ACA7BF /* App */ = {
			isa = PBXGroup;
			children = (
				DD2AF402287F61FB0017A64C /* TbilisiCleanupsApp.swift */,
			);
			path = App;
			sourceTree = "<group>";
		};
/* End PBXGroup section */

/* Begin PBXNativeTarget section */
		DD2AF3FE287F61FB0017A64C /* TbilisiCleanups */ = {
			isa = PBXNativeTarget;
			buildConfigurationList = DD2AF423287F61FC0017A64C /* Build configuration list for PBXNativeTarget "TbilisiCleanups" */;
			buildPhases = (
				DD2AF3FB287F61FB0017A64C /* Sources */,
				DD2AF3FC287F61FB0017A64C /* Frameworks */,
				DD2AF3FD287F61FB0017A64C /* Resources */,
				DDCE77F72882E6DA00ACA7BF /* Upload dSYM to Crashlytics */,
			);
			buildRules = (
			);
			dependencies = (
			);
			name = TbilisiCleanups;
			productName = TbilisiCleanups;
			productReference = DD2AF3FF287F61FB0017A64C /* TbilisiCleanups.app */;
			productType = "com.apple.product-type.application";
		};
		DD2AF40E287F61FC0017A64C /* TbilisiCleanupsTests */ = {
			isa = PBXNativeTarget;
			buildConfigurationList = DD2AF426287F61FC0017A64C /* Build configuration list for PBXNativeTarget "TbilisiCleanupsTests" */;
			buildPhases = (
				DD2AF40B287F61FC0017A64C /* Sources */,
				DD2AF40C287F61FC0017A64C /* Frameworks */,
				DD2AF40D287F61FC0017A64C /* Resources */,
			);
			buildRules = (
			);
			dependencies = (
				DD2AF411287F61FC0017A64C /* PBXTargetDependency */,
			);
			name = TbilisiCleanupsTests;
			productName = TbilisiCleanupsTests;
			productReference = DD2AF40F287F61FC0017A64C /* TbilisiCleanupsTests.xctest */;
			productType = "com.apple.product-type.bundle.unit-test";
		};
		DD2AF418287F61FC0017A64C /* TbilisiCleanupsUITests */ = {
			isa = PBXNativeTarget;
			buildConfigurationList = DD2AF429287F61FC0017A64C /* Build configuration list for PBXNativeTarget "TbilisiCleanupsUITests" */;
			buildPhases = (
				DD2AF415287F61FC0017A64C /* Sources */,
				DD2AF416287F61FC0017A64C /* Frameworks */,
				DD2AF417287F61FC0017A64C /* Resources */,
			);
			buildRules = (
			);
			dependencies = (
				DD2AF41B287F61FC0017A64C /* PBXTargetDependency */,
			);
			name = TbilisiCleanupsUITests;
			productName = TbilisiCleanupsUITests;
			productReference = DD2AF419287F61FC0017A64C /* TbilisiCleanupsUITests.xctest */;
			productType = "com.apple.product-type.bundle.ui-testing";
		};
/* End PBXNativeTarget section */

/* Begin PBXProject section */
		DD2AF3F7287F61FB0017A64C /* Project object */ = {
			isa = PBXProject;
			attributes = {
				BuildIndependentTargetsInParallel = 1;
				LastSwiftUpdateCheck = 1340;
				LastUpgradeCheck = 1340;
				TargetAttributes = {
					DD2AF3FE287F61FB0017A64C = {
						CreatedOnToolsVersion = 13.4;
					};
					DD2AF40E287F61FC0017A64C = {
						CreatedOnToolsVersion = 13.4;
						TestTargetID = DD2AF3FE287F61FB0017A64C;
					};
					DD2AF418287F61FC0017A64C = {
						CreatedOnToolsVersion = 13.4;
						TestTargetID = DD2AF3FE287F61FB0017A64C;
					};
				};
			};
			buildConfigurationList = DD2AF3FA287F61FB0017A64C /* Build configuration list for PBXProject "TbilisiCleanups" */;
			compatibilityVersion = "Xcode 13.0";
			developmentRegion = en;
			hasScannedForEncodings = 0;
			knownRegions = (
				en,
				Base,
			);
			mainGroup = DD2AF3F6287F61FB0017A64C;
			productRefGroup = DD2AF400287F61FB0017A64C /* Products */;
			projectDirPath = "";
			projectRoot = "";
			targets = (
				DD2AF3FE287F61FB0017A64C /* TbilisiCleanups */,
				DD2AF40E287F61FC0017A64C /* TbilisiCleanupsTests */,
				DD2AF418287F61FC0017A64C /* TbilisiCleanupsUITests */,
			);
		};
/* End PBXProject section */

/* Begin PBXResourcesBuildPhase section */
		DD2AF3FD287F61FB0017A64C /* Resources */ = {
			isa = PBXResourcesBuildPhase;
			buildActionMask = 2147483647;
			files = (
				DD2AF451287F63E50017A64C /* run in Resources */,
				DD2AF452287F63E50017A64C /* upload-symbols in Resources */,
				DD2AF40A287F61FC0017A64C /* Preview Assets.xcassets in Resources */,
				DD2AF407287F61FC0017A64C /* Assets.xcassets in Resources */,
				DD2AF457287F63E50017A64C /* gRPCCertificates-Cpp.bundle in Resources */,
				DD2AF45E287F63E50017A64C /* GoogleService-Info.plist in Resources */,
			);
			runOnlyForDeploymentPostprocessing = 0;
		};
		DD2AF40D287F61FC0017A64C /* Resources */ = {
			isa = PBXResourcesBuildPhase;
			buildActionMask = 2147483647;
			files = (
			);
			runOnlyForDeploymentPostprocessing = 0;
		};
		DD2AF417287F61FC0017A64C /* Resources */ = {
			isa = PBXResourcesBuildPhase;
			buildActionMask = 2147483647;
			files = (
			);
			runOnlyForDeploymentPostprocessing = 0;
		};
/* End PBXResourcesBuildPhase section */

/* Begin PBXShellScriptBuildPhase section */
		DDCE77F72882E6DA00ACA7BF /* Upload dSYM to Crashlytics */ = {
			isa = PBXShellScriptBuildPhase;
			buildActionMask = 2147483647;
			files = (
			);
			inputFileListPaths = (
			);
			inputPaths = (
				"${DWARF_DSYM_FOLDER_PATH}/${DWARF_DSYM_FILE_NAME}/Contents/Resources/DWARF/${TARGET_NAME}",
				"$(SRCROOT)/$(BUILT_PRODUCTS_DIR)/$(INFOPLIST_PATH)",
			);
			name = "Upload dSYM to Crashlytics";
			outputFileListPaths = (
			);
			outputPaths = (
			);
			runOnlyForDeploymentPostprocessing = 0;
			shellPath = /bin/sh;
			shellScript = "\"${SRCROOT}/Firebase/FirebaseCrashlytics/run\"\n";
		};
/* End PBXShellScriptBuildPhase section */

/* Begin PBXSourcesBuildPhase section */
		DD2AF3FB287F61FB0017A64C /* Sources */ = {
			isa = PBXSourcesBuildPhase;
			buildActionMask = 2147483647;
			files = (
				DD2AF405287F61FB0017A64C /* RootView.swift in Sources */,
				DDCE781F2883697800ACA7BF /* OverlayNavigationLink.swift in Sources */,
				DD2AF403287F61FB0017A64C /* TbilisiCleanupsApp.swift in Sources */,
				DD2AF4752881EED10017A64C /* AppState.swift in Sources */,
				DDCE7803288308E100ACA7BF /* MapView.swift in Sources */,
				DD2AF479288209BD0017A64C /* ReportPhotosViewModel.swift in Sources */,
				DD2AF470288054860017A64C /* ReportLocationViewModel.swift in Sources */,
				DD2AF46C287F67B60017A64C /* ReportStartView.swift in Sources */,
				DD2AF477288209940017A64C /* ReportPhotosView.swift in Sources */,
				DD2AF46E287F71B70017A64C /* ReportLocationView.swift in Sources */,
				DD2AF47C28821AF90017A64C /* PhotoPicker.swift in Sources */,
				DD2AF4722881EB030017A64C /* ReportDescriptionView.swift in Sources */,
			);
			runOnlyForDeploymentPostprocessing = 0;
		};
		DD2AF40B287F61FC0017A64C /* Sources */ = {
			isa = PBXSourcesBuildPhase;
			buildActionMask = 2147483647;
			files = (
				DD2AF414287F61FC0017A64C /* TbilisiCleanupsTests.swift in Sources */,
			);
			runOnlyForDeploymentPostprocessing = 0;
		};
		DD2AF415287F61FC0017A64C /* Sources */ = {
			isa = PBXSourcesBuildPhase;
			buildActionMask = 2147483647;
			files = (
				DD2AF420287F61FC0017A64C /* TbilisiCleanupsUITestsLaunchTests.swift in Sources */,
				DD2AF41E287F61FC0017A64C /* TbilisiCleanupsUITests.swift in Sources */,
			);
			runOnlyForDeploymentPostprocessing = 0;
		};
/* End PBXSourcesBuildPhase section */

/* Begin PBXTargetDependency section */
		DD2AF411287F61FC0017A64C /* PBXTargetDependency */ = {
			isa = PBXTargetDependency;
			target = DD2AF3FE287F61FB0017A64C /* TbilisiCleanups */;
			targetProxy = DD2AF410287F61FC0017A64C /* PBXContainerItemProxy */;
		};
		DD2AF41B287F61FC0017A64C /* PBXTargetDependency */ = {
			isa = PBXTargetDependency;
			target = DD2AF3FE287F61FB0017A64C /* TbilisiCleanups */;
			targetProxy = DD2AF41A287F61FC0017A64C /* PBXContainerItemProxy */;
		};
/* End PBXTargetDependency section */

/* Begin XCBuildConfiguration section */
		DD2AF421287F61FC0017A64C /* Debug */ = {
			isa = XCBuildConfiguration;
			buildSettings = {
				ALWAYS_SEARCH_USER_PATHS = NO;
				CLANG_ANALYZER_NONNULL = YES;
				CLANG_ANALYZER_NUMBER_OBJECT_CONVERSION = YES_AGGRESSIVE;
				CLANG_CXX_LANGUAGE_STANDARD = "gnu++17";
				CLANG_ENABLE_MODULES = YES;
				CLANG_ENABLE_OBJC_ARC = YES;
				CLANG_ENABLE_OBJC_WEAK = YES;
				CLANG_WARN_BLOCK_CAPTURE_AUTORELEASING = YES;
				CLANG_WARN_BOOL_CONVERSION = YES;
				CLANG_WARN_COMMA = YES;
				CLANG_WARN_CONSTANT_CONVERSION = YES;
				CLANG_WARN_DEPRECATED_OBJC_IMPLEMENTATIONS = YES;
				CLANG_WARN_DIRECT_OBJC_ISA_USAGE = YES_ERROR;
				CLANG_WARN_DOCUMENTATION_COMMENTS = YES;
				CLANG_WARN_EMPTY_BODY = YES;
				CLANG_WARN_ENUM_CONVERSION = YES;
				CLANG_WARN_INFINITE_RECURSION = YES;
				CLANG_WARN_INT_CONVERSION = YES;
				CLANG_WARN_NON_LITERAL_NULL_CONVERSION = YES;
				CLANG_WARN_OBJC_IMPLICIT_RETAIN_SELF = YES;
				CLANG_WARN_OBJC_LITERAL_CONVERSION = YES;
				CLANG_WARN_OBJC_ROOT_CLASS = YES_ERROR;
				CLANG_WARN_QUOTED_INCLUDE_IN_FRAMEWORK_HEADER = YES;
				CLANG_WARN_RANGE_LOOP_ANALYSIS = YES;
				CLANG_WARN_STRICT_PROTOTYPES = YES;
				CLANG_WARN_SUSPICIOUS_MOVE = YES;
				CLANG_WARN_UNGUARDED_AVAILABILITY = YES_AGGRESSIVE;
				CLANG_WARN_UNREACHABLE_CODE = YES;
				CLANG_WARN__DUPLICATE_METHOD_MATCH = YES;
				COPY_PHASE_STRIP = NO;
				DEBUG_INFORMATION_FORMAT = dwarf;
				ENABLE_STRICT_OBJC_MSGSEND = YES;
				ENABLE_TESTABILITY = YES;
				GCC_C_LANGUAGE_STANDARD = gnu11;
				GCC_DYNAMIC_NO_PIC = NO;
				GCC_NO_COMMON_BLOCKS = YES;
				GCC_OPTIMIZATION_LEVEL = 0;
				GCC_PREPROCESSOR_DEFINITIONS = (
					"DEBUG=1",
					"$(inherited)",
				);
				GCC_WARN_64_TO_32_BIT_CONVERSION = YES;
				GCC_WARN_ABOUT_RETURN_TYPE = YES_ERROR;
				GCC_WARN_UNDECLARED_SELECTOR = YES;
				GCC_WARN_UNINITIALIZED_AUTOS = YES_AGGRESSIVE;
				GCC_WARN_UNUSED_FUNCTION = YES;
				GCC_WARN_UNUSED_VARIABLE = YES;
				IPHONEOS_DEPLOYMENT_TARGET = 15.0;
				MTL_ENABLE_DEBUG_INFO = INCLUDE_SOURCE;
				MTL_FAST_MATH = YES;
				ONLY_ACTIVE_ARCH = YES;
				SDKROOT = iphoneos;
				SWIFT_ACTIVE_COMPILATION_CONDITIONS = DEBUG;
				SWIFT_OPTIMIZATION_LEVEL = "-Onone";
			};
			name = Debug;
		};
		DD2AF422287F61FC0017A64C /* Release */ = {
			isa = XCBuildConfiguration;
			buildSettings = {
				ALWAYS_SEARCH_USER_PATHS = NO;
				CLANG_ANALYZER_NONNULL = YES;
				CLANG_ANALYZER_NUMBER_OBJECT_CONVERSION = YES_AGGRESSIVE;
				CLANG_CXX_LANGUAGE_STANDARD = "gnu++17";
				CLANG_ENABLE_MODULES = YES;
				CLANG_ENABLE_OBJC_ARC = YES;
				CLANG_ENABLE_OBJC_WEAK = YES;
				CLANG_WARN_BLOCK_CAPTURE_AUTORELEASING = YES;
				CLANG_WARN_BOOL_CONVERSION = YES;
				CLANG_WARN_COMMA = YES;
				CLANG_WARN_CONSTANT_CONVERSION = YES;
				CLANG_WARN_DEPRECATED_OBJC_IMPLEMENTATIONS = YES;
				CLANG_WARN_DIRECT_OBJC_ISA_USAGE = YES_ERROR;
				CLANG_WARN_DOCUMENTATION_COMMENTS = YES;
				CLANG_WARN_EMPTY_BODY = YES;
				CLANG_WARN_ENUM_CONVERSION = YES;
				CLANG_WARN_INFINITE_RECURSION = YES;
				CLANG_WARN_INT_CONVERSION = YES;
				CLANG_WARN_NON_LITERAL_NULL_CONVERSION = YES;
				CLANG_WARN_OBJC_IMPLICIT_RETAIN_SELF = YES;
				CLANG_WARN_OBJC_LITERAL_CONVERSION = YES;
				CLANG_WARN_OBJC_ROOT_CLASS = YES_ERROR;
				CLANG_WARN_QUOTED_INCLUDE_IN_FRAMEWORK_HEADER = YES;
				CLANG_WARN_RANGE_LOOP_ANALYSIS = YES;
				CLANG_WARN_STRICT_PROTOTYPES = YES;
				CLANG_WARN_SUSPICIOUS_MOVE = YES;
				CLANG_WARN_UNGUARDED_AVAILABILITY = YES_AGGRESSIVE;
				CLANG_WARN_UNREACHABLE_CODE = YES;
				CLANG_WARN__DUPLICATE_METHOD_MATCH = YES;
				COPY_PHASE_STRIP = NO;
				DEBUG_INFORMATION_FORMAT = "dwarf-with-dsym";
				ENABLE_NS_ASSERTIONS = NO;
				ENABLE_STRICT_OBJC_MSGSEND = YES;
				GCC_C_LANGUAGE_STANDARD = gnu11;
				GCC_NO_COMMON_BLOCKS = YES;
				GCC_WARN_64_TO_32_BIT_CONVERSION = YES;
				GCC_WARN_ABOUT_RETURN_TYPE = YES_ERROR;
				GCC_WARN_UNDECLARED_SELECTOR = YES;
				GCC_WARN_UNINITIALIZED_AUTOS = YES_AGGRESSIVE;
				GCC_WARN_UNUSED_FUNCTION = YES;
				GCC_WARN_UNUSED_VARIABLE = YES;
				IPHONEOS_DEPLOYMENT_TARGET = 15.0;
				MTL_ENABLE_DEBUG_INFO = NO;
				MTL_FAST_MATH = YES;
				SDKROOT = iphoneos;
				SWIFT_COMPILATION_MODE = wholemodule;
				SWIFT_OPTIMIZATION_LEVEL = "-O";
				VALIDATE_PRODUCT = YES;
			};
			name = Release;
		};
		DD2AF424287F61FC0017A64C /* Debug */ = {
			isa = XCBuildConfiguration;
			buildSettings = {
				ASSETCATALOG_COMPILER_APPICON_NAME = AppIcon;
				ASSETCATALOG_COMPILER_GLOBAL_ACCENT_COLOR_NAME = AccentColor;
				CODE_SIGN_ENTITLEMENTS = TbilisiCleanups/TbilisiCleanups.entitlements;
				CODE_SIGN_IDENTITY = "iPhone Developer";
				CODE_SIGN_STYLE = Manual;
				CURRENT_PROJECT_VERSION = 0;
				DEBUG_INFORMATION_FORMAT = "dwarf-with-dsym";
				DEVELOPMENT_ASSET_PATHS = "\"TbilisiCleanups/Preview Content\"";
				DEVELOPMENT_TEAM = PQTAJ5C86Z;
				ENABLE_PREVIEWS = YES;
				GENERATE_INFOPLIST_FILE = YES;
				INFOPLIST_FILE = TbilisiCleanups/Info.plist;
				INFOPLIST_KEY_NSLocationWhenInUseUsageDescription = "The app uses your current location to show it on a map when you submit a report.";
				INFOPLIST_KEY_NSPhotoLibraryUsageDescription = "The app needs access to the photo library in order to let you choose photos for the reports.";
				INFOPLIST_KEY_UIApplicationSceneManifest_Generation = YES;
				INFOPLIST_KEY_UIApplicationSupportsIndirectInputEvents = YES;
				INFOPLIST_KEY_UILaunchScreen_Generation = YES;
				INFOPLIST_KEY_UISupportedInterfaceOrientations_iPad = "UIInterfaceOrientationPortrait UIInterfaceOrientationPortraitUpsideDown UIInterfaceOrientationLandscapeLeft UIInterfaceOrientationLandscapeRight";
				INFOPLIST_KEY_UISupportedInterfaceOrientations_iPhone = "UIInterfaceOrientationPortrait UIInterfaceOrientationLandscapeLeft UIInterfaceOrientationLandscapeRight";
				IPHONEOS_DEPLOYMENT_TARGET = 15.0;
				LD_RUNPATH_SEARCH_PATHS = (
					"$(inherited)",
					"@executable_path/Frameworks",
				);
				MARKETING_VERSION = 1.0;
				OTHER_LDFLAGS = "-ObjC";
				PRODUCT_BUNDLE_IDENTIFIER = net.vadimbelyaev.TbilisiCleanups;
				PRODUCT_NAME = "$(TARGET_NAME)";
				PROVISIONING_PROFILE_SPECIFIER = "Tbilisi Cleanups Development";
				SWIFT_EMIT_LOC_STRINGS = YES;
				SWIFT_VERSION = 5.0;
				TARGETED_DEVICE_FAMILY = "1,2";
				USER_HEADER_SEARCH_PATHS = Firebase;
			};
			name = Debug;
		};
		DD2AF425287F61FC0017A64C /* Release */ = {
			isa = XCBuildConfiguration;
			buildSettings = {
				ASSETCATALOG_COMPILER_APPICON_NAME = AppIcon;
				ASSETCATALOG_COMPILER_GLOBAL_ACCENT_COLOR_NAME = AccentColor;
				CODE_SIGN_ENTITLEMENTS = TbilisiCleanups/TbilisiCleanups.entitlements;
				CODE_SIGN_IDENTITY = "iPhone Developer";
				CODE_SIGN_STYLE = Manual;
				CURRENT_PROJECT_VERSION = 0;
				DEVELOPMENT_ASSET_PATHS = "\"TbilisiCleanups/Preview Content\"";
				DEVELOPMENT_TEAM = PQTAJ5C86Z;
				ENABLE_PREVIEWS = YES;
				GENERATE_INFOPLIST_FILE = YES;
				INFOPLIST_FILE = TbilisiCleanups/Info.plist;
				INFOPLIST_KEY_NSLocationWhenInUseUsageDescription = "The app uses your current location to show it on a map when you submit a report.";
				INFOPLIST_KEY_NSPhotoLibraryUsageDescription = "The app needs access to the photo library in order to let you choose photos for the reports.";
				INFOPLIST_KEY_UIApplicationSceneManifest_Generation = YES;
				INFOPLIST_KEY_UIApplicationSupportsIndirectInputEvents = YES;
				INFOPLIST_KEY_UILaunchScreen_Generation = YES;
				INFOPLIST_KEY_UISupportedInterfaceOrientations_iPad = "UIInterfaceOrientationPortrait UIInterfaceOrientationPortraitUpsideDown UIInterfaceOrientationLandscapeLeft UIInterfaceOrientationLandscapeRight";
				INFOPLIST_KEY_UISupportedInterfaceOrientations_iPhone = "UIInterfaceOrientationPortrait UIInterfaceOrientationLandscapeLeft UIInterfaceOrientationLandscapeRight";
				IPHONEOS_DEPLOYMENT_TARGET = 15.0;
				LD_RUNPATH_SEARCH_PATHS = (
					"$(inherited)",
					"@executable_path/Frameworks",
				);
				MARKETING_VERSION = 1.0;
				OTHER_LDFLAGS = "-ObjC";
				PRODUCT_BUNDLE_IDENTIFIER = net.vadimbelyaev.TbilisiCleanups;
				PRODUCT_NAME = "$(TARGET_NAME)";
				PROVISIONING_PROFILE_SPECIFIER = "Tbilisi Cleanups Development";
				SWIFT_EMIT_LOC_STRINGS = YES;
				SWIFT_VERSION = 5.0;
				TARGETED_DEVICE_FAMILY = "1,2";
				USER_HEADER_SEARCH_PATHS = Firebase;
			};
			name = Release;
		};
		DD2AF427287F61FC0017A64C /* Debug */ = {
			isa = XCBuildConfiguration;
			buildSettings = {
				ALWAYS_EMBED_SWIFT_STANDARD_LIBRARIES = YES;
				BUNDLE_LOADER = "$(TEST_HOST)";
				CODE_SIGN_STYLE = Manual;
				CURRENT_PROJECT_VERSION = 1;
				DEBUG_INFORMATION_FORMAT = "dwarf-with-dsym";
				DEVELOPMENT_TEAM = "";
				GENERATE_INFOPLIST_FILE = YES;
				IPHONEOS_DEPLOYMENT_TARGET = 15.5;
				MARKETING_VERSION = 1.0;
				PRODUCT_BUNDLE_IDENTIFIER = net.vadimbelyaev.TbilisiCleanupsTests;
				PRODUCT_NAME = "$(TARGET_NAME)";
				PROVISIONING_PROFILE_SPECIFIER = "";
				"PROVISIONING_PROFILE_SPECIFIER[sdk=macosx*]" = "";
				SWIFT_EMIT_LOC_STRINGS = NO;
				SWIFT_VERSION = 5.0;
				TARGETED_DEVICE_FAMILY = "1,2";
				TEST_HOST = "$(BUILT_PRODUCTS_DIR)/TbilisiCleanups.app/TbilisiCleanups";
			};
			name = Debug;
		};
		DD2AF428287F61FC0017A64C /* Release */ = {
			isa = XCBuildConfiguration;
			buildSettings = {
				ALWAYS_EMBED_SWIFT_STANDARD_LIBRARIES = YES;
				BUNDLE_LOADER = "$(TEST_HOST)";
				CODE_SIGN_STYLE = Manual;
				CURRENT_PROJECT_VERSION = 1;
				DEVELOPMENT_TEAM = "";
				GENERATE_INFOPLIST_FILE = YES;
				IPHONEOS_DEPLOYMENT_TARGET = 15.5;
				MARKETING_VERSION = 1.0;
				PRODUCT_BUNDLE_IDENTIFIER = net.vadimbelyaev.TbilisiCleanupsTests;
				PRODUCT_NAME = "$(TARGET_NAME)";
				PROVISIONING_PROFILE_SPECIFIER = "";
				"PROVISIONING_PROFILE_SPECIFIER[sdk=macosx*]" = "";
				SWIFT_EMIT_LOC_STRINGS = NO;
				SWIFT_VERSION = 5.0;
				TARGETED_DEVICE_FAMILY = "1,2";
				TEST_HOST = "$(BUILT_PRODUCTS_DIR)/TbilisiCleanups.app/TbilisiCleanups";
			};
			name = Release;
		};
		DD2AF42A287F61FC0017A64C /* Debug */ = {
			isa = XCBuildConfiguration;
			buildSettings = {
				ALWAYS_EMBED_SWIFT_STANDARD_LIBRARIES = YES;
				CODE_SIGN_STYLE = Manual;
				CURRENT_PROJECT_VERSION = 1;
				DEBUG_INFORMATION_FORMAT = "dwarf-with-dsym";
				DEVELOPMENT_TEAM = "";
				GENERATE_INFOPLIST_FILE = YES;
				MARKETING_VERSION = 1.0;
				PRODUCT_BUNDLE_IDENTIFIER = net.vadimbelyaev.TbilisiCleanupsUITests;
				PRODUCT_NAME = "$(TARGET_NAME)";
				PROVISIONING_PROFILE_SPECIFIER = "";
				"PROVISIONING_PROFILE_SPECIFIER[sdk=macosx*]" = "";
				SWIFT_EMIT_LOC_STRINGS = NO;
				SWIFT_VERSION = 5.0;
				TARGETED_DEVICE_FAMILY = "1,2";
				TEST_TARGET_NAME = TbilisiCleanups;
			};
			name = Debug;
		};
		DD2AF42B287F61FC0017A64C /* Release */ = {
			isa = XCBuildConfiguration;
			buildSettings = {
				ALWAYS_EMBED_SWIFT_STANDARD_LIBRARIES = YES;
				CODE_SIGN_STYLE = Manual;
				CURRENT_PROJECT_VERSION = 1;
				DEVELOPMENT_TEAM = "";
				GENERATE_INFOPLIST_FILE = YES;
				MARKETING_VERSION = 1.0;
				PRODUCT_BUNDLE_IDENTIFIER = net.vadimbelyaev.TbilisiCleanupsUITests;
				PRODUCT_NAME = "$(TARGET_NAME)";
				PROVISIONING_PROFILE_SPECIFIER = "";
				"PROVISIONING_PROFILE_SPECIFIER[sdk=macosx*]" = "";
				SWIFT_EMIT_LOC_STRINGS = NO;
				SWIFT_VERSION = 5.0;
				TARGETED_DEVICE_FAMILY = "1,2";
				TEST_TARGET_NAME = TbilisiCleanups;
			};
			name = Release;
		};
/* End XCBuildConfiguration section */

/* Begin XCConfigurationList section */
		DD2AF3FA287F61FB0017A64C /* Build configuration list for PBXProject "TbilisiCleanups" */ = {
			isa = XCConfigurationList;
			buildConfigurations = (
				DD2AF421287F61FC0017A64C /* Debug */,
				DD2AF422287F61FC0017A64C /* Release */,
			);
			defaultConfigurationIsVisible = 0;
			defaultConfigurationName = Release;
		};
		DD2AF423287F61FC0017A64C /* Build configuration list for PBXNativeTarget "TbilisiCleanups" */ = {
			isa = XCConfigurationList;
			buildConfigurations = (
				DD2AF424287F61FC0017A64C /* Debug */,
				DD2AF425287F61FC0017A64C /* Release */,
			);
			defaultConfigurationIsVisible = 0;
			defaultConfigurationName = Release;
		};
		DD2AF426287F61FC0017A64C /* Build configuration list for PBXNativeTarget "TbilisiCleanupsTests" */ = {
			isa = XCConfigurationList;
			buildConfigurations = (
				DD2AF427287F61FC0017A64C /* Debug */,
				DD2AF428287F61FC0017A64C /* Release */,
			);
			defaultConfigurationIsVisible = 0;
			defaultConfigurationName = Release;
		};
		DD2AF429287F61FC0017A64C /* Build configuration list for PBXNativeTarget "TbilisiCleanupsUITests" */ = {
			isa = XCConfigurationList;
			buildConfigurations = (
				DD2AF42A287F61FC0017A64C /* Debug */,
				DD2AF42B287F61FC0017A64C /* Release */,
			);
			defaultConfigurationIsVisible = 0;
			defaultConfigurationName = Release;
		};
/* End XCConfigurationList section */
	};
	rootObject = DD2AF3F7287F61FB0017A64C /* Project object */;
}
