// !$*UTF8*$!
{
	archiveVersion = 1;
	classes = {
	};
	objectVersion = 55;
	objects = {

/* Begin PBXBuildFile section */
		DD5A57B9287E3235009B1664 /* AppDelegate.swift in Sources */ = {isa = PBXBuildFile; fileRef = DD5A57B8287E3235009B1664 /* AppDelegate.swift */; };
		DD5A57BB287E3235009B1664 /* SceneDelegate.swift in Sources */ = {isa = PBXBuildFile; fileRef = DD5A57BA287E3235009B1664 /* SceneDelegate.swift */; };
		DD5A57BD287E3235009B1664 /* ViewController.swift in Sources */ = {isa = PBXBuildFile; fileRef = DD5A57BC287E3235009B1664 /* ViewController.swift */; };
		DD5A57C2287E3236009B1664 /* Assets.xcassets in Resources */ = {isa = PBXBuildFile; fileRef = DD5A57C1287E3236009B1664 /* Assets.xcassets */; };
		DD5A57C5287E3236009B1664 /* LaunchScreen.storyboard in Resources */ = {isa = PBXBuildFile; fileRef = DD5A57C3287E3236009B1664 /* LaunchScreen.storyboard */; };
		DD5A57D0287E3236009B1664 /* TbilisiCleanupsTests.swift in Sources */ = {isa = PBXBuildFile; fileRef = DD5A57CF287E3236009B1664 /* TbilisiCleanupsTests.swift */; };
		DD5A57DA287E3236009B1664 /* TbilisiCleanupsUITests.swift in Sources */ = {isa = PBXBuildFile; fileRef = DD5A57D9287E3236009B1664 /* TbilisiCleanupsUITests.swift */; };
		DD5A57DC287E3236009B1664 /* TbilisiCleanupsUITestsLaunchTests.swift in Sources */ = {isa = PBXBuildFile; fileRef = DD5A57DB287E3236009B1664 /* TbilisiCleanupsUITestsLaunchTests.swift */; };
		DDF73ED6287F271D00BD7ED9 /* nanopb.xcframework in Frameworks */ = {isa = PBXBuildFile; fileRef = DDF73ECA287F271D00BD7ED9 /* nanopb.xcframework */; };
		DDF73ED8287F271D00BD7ED9 /* PromisesObjC.xcframework in Frameworks */ = {isa = PBXBuildFile; fileRef = DDF73ECC287F271D00BD7ED9 /* PromisesObjC.xcframework */; };
		DDF73ED9287F271D00BD7ED9 /* FirebaseAnalytics.xcframework in Frameworks */ = {isa = PBXBuildFile; fileRef = DDF73ECD287F271D00BD7ED9 /* FirebaseAnalytics.xcframework */; };
		DDF73EDA287F271D00BD7ED9 /* FirebaseAnalyticsSwift.xcframework in Frameworks */ = {isa = PBXBuildFile; fileRef = DDF73ECE287F271D00BD7ED9 /* FirebaseAnalyticsSwift.xcframework */; };
		DDF73EDB287F271D00BD7ED9 /* FirebaseCoreDiagnostics.xcframework in Frameworks */ = {isa = PBXBuildFile; fileRef = DDF73ECF287F271D00BD7ED9 /* FirebaseCoreDiagnostics.xcframework */; };
		DDF73EDC287F271D00BD7ED9 /* FirebaseInstallations.xcframework in Frameworks */ = {isa = PBXBuildFile; fileRef = DDF73ED0287F271D00BD7ED9 /* FirebaseInstallations.xcframework */; };
		DDF73EDD287F271D00BD7ED9 /* FirebaseCore.xcframework in Frameworks */ = {isa = PBXBuildFile; fileRef = DDF73ED1287F271D00BD7ED9 /* FirebaseCore.xcframework */; };
		DDF73EDE287F271D00BD7ED9 /* FirebaseCoreInternal.xcframework in Frameworks */ = {isa = PBXBuildFile; fileRef = DDF73ED2287F271D00BD7ED9 /* FirebaseCoreInternal.xcframework */; };
		DDF73EDF287F271D00BD7ED9 /* GoogleDataTransport.xcframework in Frameworks */ = {isa = PBXBuildFile; fileRef = DDF73ED3287F271D00BD7ED9 /* GoogleDataTransport.xcframework */; };
		DDF73EE0287F271D00BD7ED9 /* GoogleAppMeasurement.xcframework in Frameworks */ = {isa = PBXBuildFile; fileRef = DDF73ED4287F271D00BD7ED9 /* GoogleAppMeasurement.xcframework */; };
		DDF73EE1287F271D00BD7ED9 /* GoogleUtilities.xcframework in Frameworks */ = {isa = PBXBuildFile; fileRef = DDF73ED5287F271D00BD7ED9 /* GoogleUtilities.xcframework */; };
		DDF73EE6287F273C00BD7ED9 /* FirebaseCrashlytics.xcframework in Frameworks */ = {isa = PBXBuildFile; fileRef = DDF73EE3287F273C00BD7ED9 /* FirebaseCrashlytics.xcframework */; };
		DDF73EE7287F273C00BD7ED9 /* run in Resources */ = {isa = PBXBuildFile; fileRef = DDF73EE4287F273C00BD7ED9 /* run */; };
		DDF73EE8287F273C00BD7ED9 /* upload-symbols in Resources */ = {isa = PBXBuildFile; fileRef = DDF73EE5287F273C00BD7ED9 /* upload-symbols */; };
		DDF73EF4287F274E00BD7ED9 /* FirebaseFirestore.xcframework in Frameworks */ = {isa = PBXBuildFile; fileRef = DDF73EEA287F274E00BD7ED9 /* FirebaseFirestore.xcframework */; };
		DDF73EF5287F274E00BD7ED9 /* gRPC-Core.xcframework in Frameworks */ = {isa = PBXBuildFile; fileRef = DDF73EEB287F274E00BD7ED9 /* gRPC-Core.xcframework */; };
		DDF73EF6287F274E00BD7ED9 /* gRPCCertificates-Cpp.bundle in Resources */ = {isa = PBXBuildFile; fileRef = DDF73EED287F274E00BD7ED9 /* gRPCCertificates-Cpp.bundle */; };
		DDF73EF7287F274E00BD7ED9 /* Libuv-gRPC.xcframework in Frameworks */ = {isa = PBXBuildFile; fileRef = DDF73EEE287F274E00BD7ED9 /* Libuv-gRPC.xcframework */; };
		DDF73EF8287F274E00BD7ED9 /* leveldb-library.xcframework in Frameworks */ = {isa = PBXBuildFile; fileRef = DDF73EEF287F274E00BD7ED9 /* leveldb-library.xcframework */; };
		DDF73EF9287F274E00BD7ED9 /* gRPC-C++.xcframework in Frameworks */ = {isa = PBXBuildFile; fileRef = DDF73EF0287F274E00BD7ED9 /* gRPC-C++.xcframework */; };
		DDF73EFA287F274E00BD7ED9 /* BoringSSL-GRPC.xcframework in Frameworks */ = {isa = PBXBuildFile; fileRef = DDF73EF1287F274E00BD7ED9 /* BoringSSL-GRPC.xcframework */; };
		DDF73EFB287F274E00BD7ED9 /* FirebaseFirestoreSwift.xcframework in Frameworks */ = {isa = PBXBuildFile; fileRef = DDF73EF2287F274E00BD7ED9 /* FirebaseFirestoreSwift.xcframework */; };
		DDF73EFC287F274E00BD7ED9 /* abseil.xcframework in Frameworks */ = {isa = PBXBuildFile; fileRef = DDF73EF3287F274E00BD7ED9 /* abseil.xcframework */; };
		DDF73EFF287F277E00BD7ED9 /* FirebaseMessaging.xcframework in Frameworks */ = {isa = PBXBuildFile; fileRef = DDF73EFE287F277E00BD7ED9 /* FirebaseMessaging.xcframework */; };
		DDF73F05287F294100BD7ED9 /* FirebaseAuth.xcframework in Frameworks */ = {isa = PBXBuildFile; fileRef = DDF73F03287F294100BD7ED9 /* FirebaseAuth.xcframework */; };
		DDF73F06287F294100BD7ED9 /* GTMSessionFetcher.xcframework in Frameworks */ = {isa = PBXBuildFile; fileRef = DDF73F04287F294100BD7ED9 /* GTMSessionFetcher.xcframework */; };
		DDF73F08287F2B6200BD7ED9 /* GoogleService-Info.plist in Resources */ = {isa = PBXBuildFile; fileRef = DDF73F07287F2B6200BD7ED9 /* GoogleService-Info.plist */; };
/* End PBXBuildFile section */

/* Begin PBXContainerItemProxy section */
		DD5A57CC287E3236009B1664 /* PBXContainerItemProxy */ = {
			isa = PBXContainerItemProxy;
			containerPortal = DD5A57AD287E3235009B1664 /* Project object */;
			proxyType = 1;
			remoteGlobalIDString = DD5A57B4287E3235009B1664;
			remoteInfo = TbilisiCleanups;
		};
		DD5A57D6287E3236009B1664 /* PBXContainerItemProxy */ = {
			isa = PBXContainerItemProxy;
			containerPortal = DD5A57AD287E3235009B1664 /* Project object */;
			proxyType = 1;
			remoteGlobalIDString = DD5A57B4287E3235009B1664;
			remoteInfo = TbilisiCleanups;
		};
/* End PBXContainerItemProxy section */

/* Begin PBXFileReference section */
		DD5A57B5287E3235009B1664 /* TbilisiCleanups.app */ = {isa = PBXFileReference; explicitFileType = wrapper.application; includeInIndex = 0; path = TbilisiCleanups.app; sourceTree = BUILT_PRODUCTS_DIR; };
		DD5A57B8287E3235009B1664 /* AppDelegate.swift */ = {isa = PBXFileReference; lastKnownFileType = sourcecode.swift; path = AppDelegate.swift; sourceTree = "<group>"; };
		DD5A57BA287E3235009B1664 /* SceneDelegate.swift */ = {isa = PBXFileReference; lastKnownFileType = sourcecode.swift; path = SceneDelegate.swift; sourceTree = "<group>"; };
		DD5A57BC287E3235009B1664 /* ViewController.swift */ = {isa = PBXFileReference; lastKnownFileType = sourcecode.swift; path = ViewController.swift; sourceTree = "<group>"; };
		DD5A57C1287E3236009B1664 /* Assets.xcassets */ = {isa = PBXFileReference; lastKnownFileType = folder.assetcatalog; path = Assets.xcassets; sourceTree = "<group>"; };
		DD5A57C4287E3236009B1664 /* Base */ = {isa = PBXFileReference; lastKnownFileType = file.storyboard; name = Base; path = Base.lproj/LaunchScreen.storyboard; sourceTree = "<group>"; };
		DD5A57C6287E3236009B1664 /* Info.plist */ = {isa = PBXFileReference; lastKnownFileType = text.plist.xml; path = Info.plist; sourceTree = "<group>"; };
		DD5A57CB287E3236009B1664 /* TbilisiCleanupsTests.xctest */ = {isa = PBXFileReference; explicitFileType = wrapper.cfbundle; includeInIndex = 0; path = TbilisiCleanupsTests.xctest; sourceTree = BUILT_PRODUCTS_DIR; };
		DD5A57CF287E3236009B1664 /* TbilisiCleanupsTests.swift */ = {isa = PBXFileReference; lastKnownFileType = sourcecode.swift; path = TbilisiCleanupsTests.swift; sourceTree = "<group>"; };
		DD5A57D5287E3236009B1664 /* TbilisiCleanupsUITests.xctest */ = {isa = PBXFileReference; explicitFileType = wrapper.cfbundle; includeInIndex = 0; path = TbilisiCleanupsUITests.xctest; sourceTree = BUILT_PRODUCTS_DIR; };
		DD5A57D9287E3236009B1664 /* TbilisiCleanupsUITests.swift */ = {isa = PBXFileReference; lastKnownFileType = sourcecode.swift; path = TbilisiCleanupsUITests.swift; sourceTree = "<group>"; };
		DD5A57DB287E3236009B1664 /* TbilisiCleanupsUITestsLaunchTests.swift */ = {isa = PBXFileReference; lastKnownFileType = sourcecode.swift; path = TbilisiCleanupsUITestsLaunchTests.swift; sourceTree = "<group>"; };
		DDF73ECA287F271D00BD7ED9 /* nanopb.xcframework */ = {isa = PBXFileReference; lastKnownFileType = wrapper.xcframework; path = nanopb.xcframework; sourceTree = "<group>"; };
		DDF73ECC287F271D00BD7ED9 /* PromisesObjC.xcframework */ = {isa = PBXFileReference; lastKnownFileType = wrapper.xcframework; path = PromisesObjC.xcframework; sourceTree = "<group>"; };
		DDF73ECD287F271D00BD7ED9 /* FirebaseAnalytics.xcframework */ = {isa = PBXFileReference; lastKnownFileType = wrapper.xcframework; path = FirebaseAnalytics.xcframework; sourceTree = "<group>"; };
		DDF73ECE287F271D00BD7ED9 /* FirebaseAnalyticsSwift.xcframework */ = {isa = PBXFileReference; lastKnownFileType = wrapper.xcframework; path = FirebaseAnalyticsSwift.xcframework; sourceTree = "<group>"; };
		DDF73ECF287F271D00BD7ED9 /* FirebaseCoreDiagnostics.xcframework */ = {isa = PBXFileReference; lastKnownFileType = wrapper.xcframework; path = FirebaseCoreDiagnostics.xcframework; sourceTree = "<group>"; };
		DDF73ED0287F271D00BD7ED9 /* FirebaseInstallations.xcframework */ = {isa = PBXFileReference; lastKnownFileType = wrapper.xcframework; path = FirebaseInstallations.xcframework; sourceTree = "<group>"; };
		DDF73ED1287F271D00BD7ED9 /* FirebaseCore.xcframework */ = {isa = PBXFileReference; lastKnownFileType = wrapper.xcframework; path = FirebaseCore.xcframework; sourceTree = "<group>"; };
		DDF73ED2287F271D00BD7ED9 /* FirebaseCoreInternal.xcframework */ = {isa = PBXFileReference; lastKnownFileType = wrapper.xcframework; path = FirebaseCoreInternal.xcframework; sourceTree = "<group>"; };
		DDF73ED3287F271D00BD7ED9 /* GoogleDataTransport.xcframework */ = {isa = PBXFileReference; lastKnownFileType = wrapper.xcframework; path = GoogleDataTransport.xcframework; sourceTree = "<group>"; };
		DDF73ED4287F271D00BD7ED9 /* GoogleAppMeasurement.xcframework */ = {isa = PBXFileReference; lastKnownFileType = wrapper.xcframework; path = GoogleAppMeasurement.xcframework; sourceTree = "<group>"; };
		DDF73ED5287F271D00BD7ED9 /* GoogleUtilities.xcframework */ = {isa = PBXFileReference; lastKnownFileType = wrapper.xcframework; path = GoogleUtilities.xcframework; sourceTree = "<group>"; };
		DDF73EE3287F273C00BD7ED9 /* FirebaseCrashlytics.xcframework */ = {isa = PBXFileReference; lastKnownFileType = wrapper.xcframework; path = FirebaseCrashlytics.xcframework; sourceTree = "<group>"; };
		DDF73EE4287F273C00BD7ED9 /* run */ = {isa = PBXFileReference; fileEncoding = 4; lastKnownFileType = text.script.sh; path = run; sourceTree = "<group>"; };
		DDF73EE5287F273C00BD7ED9 /* upload-symbols */ = {isa = PBXFileReference; lastKnownFileType = "compiled.mach-o.executable"; path = "upload-symbols"; sourceTree = "<group>"; };
		DDF73EEA287F274E00BD7ED9 /* FirebaseFirestore.xcframework */ = {isa = PBXFileReference; lastKnownFileType = wrapper.xcframework; path = FirebaseFirestore.xcframework; sourceTree = "<group>"; };
		DDF73EEB287F274E00BD7ED9 /* gRPC-Core.xcframework */ = {isa = PBXFileReference; lastKnownFileType = wrapper.xcframework; path = "gRPC-Core.xcframework"; sourceTree = "<group>"; };
		DDF73EED287F274E00BD7ED9 /* gRPCCertificates-Cpp.bundle */ = {isa = PBXFileReference; lastKnownFileType = "wrapper.plug-in"; path = "gRPCCertificates-Cpp.bundle"; sourceTree = "<group>"; };
		DDF73EEE287F274E00BD7ED9 /* Libuv-gRPC.xcframework */ = {isa = PBXFileReference; lastKnownFileType = wrapper.xcframework; path = "Libuv-gRPC.xcframework"; sourceTree = "<group>"; };
		DDF73EEF287F274E00BD7ED9 /* leveldb-library.xcframework */ = {isa = PBXFileReference; lastKnownFileType = wrapper.xcframework; path = "leveldb-library.xcframework"; sourceTree = "<group>"; };
		DDF73EF0287F274E00BD7ED9 /* gRPC-C++.xcframework */ = {isa = PBXFileReference; lastKnownFileType = wrapper.xcframework; path = "gRPC-C++.xcframework"; sourceTree = "<group>"; };
		DDF73EF1287F274E00BD7ED9 /* BoringSSL-GRPC.xcframework */ = {isa = PBXFileReference; lastKnownFileType = wrapper.xcframework; path = "BoringSSL-GRPC.xcframework"; sourceTree = "<group>"; };
		DDF73EF2287F274E00BD7ED9 /* FirebaseFirestoreSwift.xcframework */ = {isa = PBXFileReference; lastKnownFileType = wrapper.xcframework; path = FirebaseFirestoreSwift.xcframework; sourceTree = "<group>"; };
		DDF73EF3287F274E00BD7ED9 /* abseil.xcframework */ = {isa = PBXFileReference; lastKnownFileType = wrapper.xcframework; path = abseil.xcframework; sourceTree = "<group>"; };
		DDF73EFE287F277E00BD7ED9 /* FirebaseMessaging.xcframework */ = {isa = PBXFileReference; lastKnownFileType = wrapper.xcframework; path = FirebaseMessaging.xcframework; sourceTree = "<group>"; };
		DDF73F00287F27C700BD7ED9 /* Firebase.h */ = {isa = PBXFileReference; lastKnownFileType = sourcecode.c.h; path = Firebase.h; sourceTree = "<group>"; };
		DDF73F01287F27C700BD7ED9 /* module.modulemap */ = {isa = PBXFileReference; lastKnownFileType = "sourcecode.module-map"; path = module.modulemap; sourceTree = "<group>"; };
		DDF73F03287F294100BD7ED9 /* FirebaseAuth.xcframework */ = {isa = PBXFileReference; lastKnownFileType = wrapper.xcframework; path = FirebaseAuth.xcframework; sourceTree = "<group>"; };
		DDF73F04287F294100BD7ED9 /* GTMSessionFetcher.xcframework */ = {isa = PBXFileReference; lastKnownFileType = wrapper.xcframework; path = GTMSessionFetcher.xcframework; sourceTree = "<group>"; };
		DDF73F07287F2B6200BD7ED9 /* GoogleService-Info.plist */ = {isa = PBXFileReference; fileEncoding = 4; lastKnownFileType = text.plist.xml; path = "GoogleService-Info.plist"; sourceTree = "<group>"; };
/* End PBXFileReference section */

/* Begin PBXFrameworksBuildPhase section */
		DD5A57B2287E3235009B1664 /* Frameworks */ = {
			isa = PBXFrameworksBuildPhase;
			buildActionMask = 2147483647;
			files = (
				DDF73EDF287F271D00BD7ED9 /* GoogleDataTransport.xcframework in Frameworks */,
				DDF73ED8287F271D00BD7ED9 /* PromisesObjC.xcframework in Frameworks */,
				DDF73EF8287F274E00BD7ED9 /* leveldb-library.xcframework in Frameworks */,
				DDF73EF5287F274E00BD7ED9 /* gRPC-Core.xcframework in Frameworks */,
				DDF73EDD287F271D00BD7ED9 /* FirebaseCore.xcframework in Frameworks */,
				DDF73F06287F294100BD7ED9 /* GTMSessionFetcher.xcframework in Frameworks */,
				DDF73EF9287F274E00BD7ED9 /* gRPC-C++.xcframework in Frameworks */,
				DDF73EDA287F271D00BD7ED9 /* FirebaseAnalyticsSwift.xcframework in Frameworks */,
				DDF73EFA287F274E00BD7ED9 /* BoringSSL-GRPC.xcframework in Frameworks */,
				DDF73ED9287F271D00BD7ED9 /* FirebaseAnalytics.xcframework in Frameworks */,
				DDF73EFC287F274E00BD7ED9 /* abseil.xcframework in Frameworks */,
				DDF73ED6287F271D00BD7ED9 /* nanopb.xcframework in Frameworks */,
				DDF73EDE287F271D00BD7ED9 /* FirebaseCoreInternal.xcframework in Frameworks */,
				DDF73F05287F294100BD7ED9 /* FirebaseAuth.xcframework in Frameworks */,
				DDF73EDC287F271D00BD7ED9 /* FirebaseInstallations.xcframework in Frameworks */,
				DDF73EFF287F277E00BD7ED9 /* FirebaseMessaging.xcframework in Frameworks */,
				DDF73EE6287F273C00BD7ED9 /* FirebaseCrashlytics.xcframework in Frameworks */,
				DDF73EE0287F271D00BD7ED9 /* GoogleAppMeasurement.xcframework in Frameworks */,
				DDF73EDB287F271D00BD7ED9 /* FirebaseCoreDiagnostics.xcframework in Frameworks */,
				DDF73EFB287F274E00BD7ED9 /* FirebaseFirestoreSwift.xcframework in Frameworks */,
				DDF73EE1287F271D00BD7ED9 /* GoogleUtilities.xcframework in Frameworks */,
				DDF73EF7287F274E00BD7ED9 /* Libuv-gRPC.xcframework in Frameworks */,
				DDF73EF4287F274E00BD7ED9 /* FirebaseFirestore.xcframework in Frameworks */,
			);
			runOnlyForDeploymentPostprocessing = 0;
		};
		DD5A57C8287E3236009B1664 /* Frameworks */ = {
			isa = PBXFrameworksBuildPhase;
			buildActionMask = 2147483647;
			files = (
			);
			runOnlyForDeploymentPostprocessing = 0;
		};
		DD5A57D2287E3236009B1664 /* Frameworks */ = {
			isa = PBXFrameworksBuildPhase;
			buildActionMask = 2147483647;
			files = (
			);
			runOnlyForDeploymentPostprocessing = 0;
		};
/* End PBXFrameworksBuildPhase section */

/* Begin PBXGroup section */
		DD5A57AC287E3235009B1664 = {
			isa = PBXGroup;
			children = (
				DD5A57B7287E3235009B1664 /* TbilisiCleanups */,
				DD5A57CE287E3236009B1664 /* TbilisiCleanupsTests */,
				DD5A57D8287E3236009B1664 /* TbilisiCleanupsUITests */,
				DDF73EC8287F260300BD7ED9 /* Firebase */,
				DD5A57B6287E3235009B1664 /* Products */,
			);
			sourceTree = "<group>";
		};
		DD5A57B6287E3235009B1664 /* Products */ = {
			isa = PBXGroup;
			children = (
				DD5A57B5287E3235009B1664 /* TbilisiCleanups.app */,
				DD5A57CB287E3236009B1664 /* TbilisiCleanupsTests.xctest */,
				DD5A57D5287E3236009B1664 /* TbilisiCleanupsUITests.xctest */,
			);
			name = Products;
			sourceTree = "<group>";
		};
		DD5A57B7287E3235009B1664 /* TbilisiCleanups */ = {
			isa = PBXGroup;
			children = (
				DD5A57B8287E3235009B1664 /* AppDelegate.swift */,
				DD5A57BA287E3235009B1664 /* SceneDelegate.swift */,
				DD5A57BC287E3235009B1664 /* ViewController.swift */,
				DD5A57C1287E3236009B1664 /* Assets.xcassets */,
				DD5A57C3287E3236009B1664 /* LaunchScreen.storyboard */,
				DD5A57C6287E3236009B1664 /* Info.plist */,
			);
			path = TbilisiCleanups;
			sourceTree = "<group>";
		};
		DD5A57CE287E3236009B1664 /* TbilisiCleanupsTests */ = {
			isa = PBXGroup;
			children = (
				DD5A57CF287E3236009B1664 /* TbilisiCleanupsTests.swift */,
			);
			path = TbilisiCleanupsTests;
			sourceTree = "<group>";
		};
		DD5A57D8287E3236009B1664 /* TbilisiCleanupsUITests */ = {
			isa = PBXGroup;
			children = (
				DD5A57D9287E3236009B1664 /* TbilisiCleanupsUITests.swift */,
				DD5A57DB287E3236009B1664 /* TbilisiCleanupsUITestsLaunchTests.swift */,
			);
			path = TbilisiCleanupsUITests;
			sourceTree = "<group>";
		};
		DDF73EC8287F260300BD7ED9 /* Firebase */ = {
			isa = PBXGroup;
			children = (
				DDF73F07287F2B6200BD7ED9 /* GoogleService-Info.plist */,
				DDF73F00287F27C700BD7ED9 /* Firebase.h */,
				DDF73F01287F27C700BD7ED9 /* module.modulemap */,
				DDF73EC9287F271D00BD7ED9 /* FirebaseAnalytics */,
				DDF73F02287F294100BD7ED9 /* FirebaseAuth */,
				DDF73EE2287F273C00BD7ED9 /* FirebaseCrashlytics */,
				DDF73EE9287F274E00BD7ED9 /* FirebaseFirestore */,
				DDF73EFD287F277E00BD7ED9 /* FirebaseMessaging */,
			);
			path = Firebase;
			sourceTree = "<group>";
		};
		DDF73EC9287F271D00BD7ED9 /* FirebaseAnalytics */ = {
			isa = PBXGroup;
			children = (
				DDF73ECA287F271D00BD7ED9 /* nanopb.xcframework */,
				DDF73ECC287F271D00BD7ED9 /* PromisesObjC.xcframework */,
				DDF73ECD287F271D00BD7ED9 /* FirebaseAnalytics.xcframework */,
				DDF73ECE287F271D00BD7ED9 /* FirebaseAnalyticsSwift.xcframework */,
				DDF73ECF287F271D00BD7ED9 /* FirebaseCoreDiagnostics.xcframework */,
				DDF73ED0287F271D00BD7ED9 /* FirebaseInstallations.xcframework */,
				DDF73ED1287F271D00BD7ED9 /* FirebaseCore.xcframework */,
				DDF73ED2287F271D00BD7ED9 /* FirebaseCoreInternal.xcframework */,
				DDF73ED3287F271D00BD7ED9 /* GoogleDataTransport.xcframework */,
				DDF73ED4287F271D00BD7ED9 /* GoogleAppMeasurement.xcframework */,
				DDF73ED5287F271D00BD7ED9 /* GoogleUtilities.xcframework */,
			);
			path = FirebaseAnalytics;
			sourceTree = "<group>";
		};
		DDF73EE2287F273C00BD7ED9 /* FirebaseCrashlytics */ = {
			isa = PBXGroup;
			children = (
				DDF73EE3287F273C00BD7ED9 /* FirebaseCrashlytics.xcframework */,
				DDF73EE4287F273C00BD7ED9 /* run */,
				DDF73EE5287F273C00BD7ED9 /* upload-symbols */,
			);
			path = FirebaseCrashlytics;
			sourceTree = "<group>";
		};
		DDF73EE9287F274E00BD7ED9 /* FirebaseFirestore */ = {
			isa = PBXGroup;
			children = (
				DDF73EEA287F274E00BD7ED9 /* FirebaseFirestore.xcframework */,
				DDF73EEB287F274E00BD7ED9 /* gRPC-Core.xcframework */,
				DDF73EEC287F274E00BD7ED9 /* Resources */,
				DDF73EEE287F274E00BD7ED9 /* Libuv-gRPC.xcframework */,
				DDF73EEF287F274E00BD7ED9 /* leveldb-library.xcframework */,
				DDF73EF0287F274E00BD7ED9 /* gRPC-C++.xcframework */,
				DDF73EF1287F274E00BD7ED9 /* BoringSSL-GRPC.xcframework */,
				DDF73EF2287F274E00BD7ED9 /* FirebaseFirestoreSwift.xcframework */,
				DDF73EF3287F274E00BD7ED9 /* abseil.xcframework */,
			);
			path = FirebaseFirestore;
			sourceTree = "<group>";
		};
		DDF73EEC287F274E00BD7ED9 /* Resources */ = {
			isa = PBXGroup;
			children = (
				DDF73EED287F274E00BD7ED9 /* gRPCCertificates-Cpp.bundle */,
			);
			path = Resources;
			sourceTree = "<group>";
		};
		DDF73EFD287F277E00BD7ED9 /* FirebaseMessaging */ = {
			isa = PBXGroup;
			children = (
				DDF73EFE287F277E00BD7ED9 /* FirebaseMessaging.xcframework */,
			);
			path = FirebaseMessaging;
			sourceTree = "<group>";
		};
		DDF73F02287F294100BD7ED9 /* FirebaseAuth */ = {
			isa = PBXGroup;
			children = (
				DDF73F03287F294100BD7ED9 /* FirebaseAuth.xcframework */,
				DDF73F04287F294100BD7ED9 /* GTMSessionFetcher.xcframework */,
			);
			path = FirebaseAuth;
			sourceTree = "<group>";
		};
/* End PBXGroup section */

/* Begin PBXNativeTarget section */
		DD5A57B4287E3235009B1664 /* TbilisiCleanups */ = {
			isa = PBXNativeTarget;
			buildConfigurationList = DD5A57DF287E3236009B1664 /* Build configuration list for PBXNativeTarget "TbilisiCleanups" */;
			buildPhases = (
				DD5A57B1287E3235009B1664 /* Sources */,
				DD5A57B2287E3235009B1664 /* Frameworks */,
				DD5A57B3287E3235009B1664 /* Resources */,
			);
			buildRules = (
			);
			dependencies = (
			);
			name = TbilisiCleanups;
			productName = TbilisiCleanups;
			productReference = DD5A57B5287E3235009B1664 /* TbilisiCleanups.app */;
			productType = "com.apple.product-type.application";
		};
		DD5A57CA287E3236009B1664 /* TbilisiCleanupsTests */ = {
			isa = PBXNativeTarget;
			buildConfigurationList = DD5A57E2287E3236009B1664 /* Build configuration list for PBXNativeTarget "TbilisiCleanupsTests" */;
			buildPhases = (
				DD5A57C7287E3236009B1664 /* Sources */,
				DD5A57C8287E3236009B1664 /* Frameworks */,
				DD5A57C9287E3236009B1664 /* Resources */,
			);
			buildRules = (
			);
			dependencies = (
				DD5A57CD287E3236009B1664 /* PBXTargetDependency */,
			);
			name = TbilisiCleanupsTests;
			productName = TbilisiCleanupsTests;
			productReference = DD5A57CB287E3236009B1664 /* TbilisiCleanupsTests.xctest */;
			productType = "com.apple.product-type.bundle.unit-test";
		};
		DD5A57D4287E3236009B1664 /* TbilisiCleanupsUITests */ = {
			isa = PBXNativeTarget;
			buildConfigurationList = DD5A57E5287E3236009B1664 /* Build configuration list for PBXNativeTarget "TbilisiCleanupsUITests" */;
			buildPhases = (
				DD5A57D1287E3236009B1664 /* Sources */,
				DD5A57D2287E3236009B1664 /* Frameworks */,
				DD5A57D3287E3236009B1664 /* Resources */,
			);
			buildRules = (
			);
			dependencies = (
				DD5A57D7287E3236009B1664 /* PBXTargetDependency */,
			);
			name = TbilisiCleanupsUITests;
			productName = TbilisiCleanupsUITests;
			productReference = DD5A57D5287E3236009B1664 /* TbilisiCleanupsUITests.xctest */;
			productType = "com.apple.product-type.bundle.ui-testing";
		};
/* End PBXNativeTarget section */

/* Begin PBXProject section */
		DD5A57AD287E3235009B1664 /* Project object */ = {
			isa = PBXProject;
			attributes = {
				BuildIndependentTargetsInParallel = 1;
				LastSwiftUpdateCheck = 1340;
				LastUpgradeCheck = 1340;
				TargetAttributes = {
					DD5A57B4287E3235009B1664 = {
						CreatedOnToolsVersion = 13.4;
					};
					DD5A57CA287E3236009B1664 = {
						CreatedOnToolsVersion = 13.4;
						TestTargetID = DD5A57B4287E3235009B1664;
					};
					DD5A57D4287E3236009B1664 = {
						CreatedOnToolsVersion = 13.4;
						TestTargetID = DD5A57B4287E3235009B1664;
					};
				};
			};
			buildConfigurationList = DD5A57B0287E3235009B1664 /* Build configuration list for PBXProject "TbilisiCleanups" */;
			compatibilityVersion = "Xcode 13.0";
			developmentRegion = en;
			hasScannedForEncodings = 0;
			knownRegions = (
				en,
				Base,
			);
			mainGroup = DD5A57AC287E3235009B1664;
			productRefGroup = DD5A57B6287E3235009B1664 /* Products */;
			projectDirPath = "";
			projectRoot = "";
			targets = (
				DD5A57B4287E3235009B1664 /* TbilisiCleanups */,
				DD5A57CA287E3236009B1664 /* TbilisiCleanupsTests */,
				DD5A57D4287E3236009B1664 /* TbilisiCleanupsUITests */,
			);
		};
/* End PBXProject section */

/* Begin PBXResourcesBuildPhase section */
		DD5A57B3287E3235009B1664 /* Resources */ = {
			isa = PBXResourcesBuildPhase;
			buildActionMask = 2147483647;
			files = (
				DDF73EE7287F273C00BD7ED9 /* run in Resources */,
				DDF73EE8287F273C00BD7ED9 /* upload-symbols in Resources */,
				DD5A57C5287E3236009B1664 /* LaunchScreen.storyboard in Resources */,
				DD5A57C2287E3236009B1664 /* Assets.xcassets in Resources */,
				DDF73EF6287F274E00BD7ED9 /* gRPCCertificates-Cpp.bundle in Resources */,
				DDF73F08287F2B6200BD7ED9 /* GoogleService-Info.plist in Resources */,
			);
			runOnlyForDeploymentPostprocessing = 0;
		};
		DD5A57C9287E3236009B1664 /* Resources */ = {
			isa = PBXResourcesBuildPhase;
			buildActionMask = 2147483647;
			files = (
			);
			runOnlyForDeploymentPostprocessing = 0;
		};
		DD5A57D3287E3236009B1664 /* Resources */ = {
			isa = PBXResourcesBuildPhase;
			buildActionMask = 2147483647;
			files = (
			);
			runOnlyForDeploymentPostprocessing = 0;
		};
/* End PBXResourcesBuildPhase section */

/* Begin PBXSourcesBuildPhase section */
		DD5A57B1287E3235009B1664 /* Sources */ = {
			isa = PBXSourcesBuildPhase;
			buildActionMask = 2147483647;
			files = (
				DD5A57BD287E3235009B1664 /* ViewController.swift in Sources */,
				DD5A57B9287E3235009B1664 /* AppDelegate.swift in Sources */,
				DD5A57BB287E3235009B1664 /* SceneDelegate.swift in Sources */,
			);
			runOnlyForDeploymentPostprocessing = 0;
		};
		DD5A57C7287E3236009B1664 /* Sources */ = {
			isa = PBXSourcesBuildPhase;
			buildActionMask = 2147483647;
			files = (
				DD5A57D0287E3236009B1664 /* TbilisiCleanupsTests.swift in Sources */,
			);
			runOnlyForDeploymentPostprocessing = 0;
		};
		DD5A57D1287E3236009B1664 /* Sources */ = {
			isa = PBXSourcesBuildPhase;
			buildActionMask = 2147483647;
			files = (
				DD5A57DC287E3236009B1664 /* TbilisiCleanupsUITestsLaunchTests.swift in Sources */,
				DD5A57DA287E3236009B1664 /* TbilisiCleanupsUITests.swift in Sources */,
			);
			runOnlyForDeploymentPostprocessing = 0;
		};
/* End PBXSourcesBuildPhase section */

/* Begin PBXTargetDependency section */
		DD5A57CD287E3236009B1664 /* PBXTargetDependency */ = {
			isa = PBXTargetDependency;
			target = DD5A57B4287E3235009B1664 /* TbilisiCleanups */;
			targetProxy = DD5A57CC287E3236009B1664 /* PBXContainerItemProxy */;
		};
		DD5A57D7287E3236009B1664 /* PBXTargetDependency */ = {
			isa = PBXTargetDependency;
			target = DD5A57B4287E3235009B1664 /* TbilisiCleanups */;
			targetProxy = DD5A57D6287E3236009B1664 /* PBXContainerItemProxy */;
		};
/* End PBXTargetDependency section */

/* Begin PBXVariantGroup section */
		DD5A57C3287E3236009B1664 /* LaunchScreen.storyboard */ = {
			isa = PBXVariantGroup;
			children = (
				DD5A57C4287E3236009B1664 /* Base */,
			);
			name = LaunchScreen.storyboard;
			sourceTree = "<group>";
		};
/* End PBXVariantGroup section */

/* Begin XCBuildConfiguration section */
		DD5A57DD287E3236009B1664 /* Debug */ = {
			isa = XCBuildConfiguration;
			buildSettings = {
				ALWAYS_SEARCH_USER_PATHS = NO;
				CLANG_ANALYZER_NONNULL = YES;
				CLANG_ANALYZER_NUMBER_OBJECT_CONVERSION = YES_AGGRESSIVE;
				CLANG_CXX_LANGUAGE_STANDARD = "gnu++17";
				CLANG_ENABLE_MODULES = YES;
				CLANG_ENABLE_OBJC_ARC = YES;
				CLANG_ENABLE_OBJC_WEAK = YES;
				CLANG_WARN_BLOCK_CAPTURE_AUTORELEASING = YES;
				CLANG_WARN_BOOL_CONVERSION = YES;
				CLANG_WARN_COMMA = YES;
				CLANG_WARN_CONSTANT_CONVERSION = YES;
				CLANG_WARN_DEPRECATED_OBJC_IMPLEMENTATIONS = YES;
				CLANG_WARN_DIRECT_OBJC_ISA_USAGE = YES_ERROR;
				CLANG_WARN_DOCUMENTATION_COMMENTS = YES;
				CLANG_WARN_EMPTY_BODY = YES;
				CLANG_WARN_ENUM_CONVERSION = YES;
				CLANG_WARN_INFINITE_RECURSION = YES;
				CLANG_WARN_INT_CONVERSION = YES;
				CLANG_WARN_NON_LITERAL_NULL_CONVERSION = YES;
				CLANG_WARN_OBJC_IMPLICIT_RETAIN_SELF = YES;
				CLANG_WARN_OBJC_LITERAL_CONVERSION = YES;
				CLANG_WARN_OBJC_ROOT_CLASS = YES_ERROR;
				CLANG_WARN_QUOTED_INCLUDE_IN_FRAMEWORK_HEADER = YES;
				CLANG_WARN_RANGE_LOOP_ANALYSIS = YES;
				CLANG_WARN_STRICT_PROTOTYPES = YES;
				CLANG_WARN_SUSPICIOUS_MOVE = YES;
				CLANG_WARN_UNGUARDED_AVAILABILITY = YES_AGGRESSIVE;
				CLANG_WARN_UNREACHABLE_CODE = YES;
				CLANG_WARN__DUPLICATE_METHOD_MATCH = YES;
				COPY_PHASE_STRIP = NO;
				DEBUG_INFORMATION_FORMAT = dwarf;
				ENABLE_STRICT_OBJC_MSGSEND = YES;
				ENABLE_TESTABILITY = YES;
				GCC_C_LANGUAGE_STANDARD = gnu11;
				GCC_DYNAMIC_NO_PIC = NO;
				GCC_NO_COMMON_BLOCKS = YES;
				GCC_OPTIMIZATION_LEVEL = 0;
				GCC_PREPROCESSOR_DEFINITIONS = (
					"DEBUG=1",
					"$(inherited)",
				);
				GCC_WARN_64_TO_32_BIT_CONVERSION = YES;
				GCC_WARN_ABOUT_RETURN_TYPE = YES_ERROR;
				GCC_WARN_UNDECLARED_SELECTOR = YES;
				GCC_WARN_UNINITIALIZED_AUTOS = YES_AGGRESSIVE;
				GCC_WARN_UNUSED_FUNCTION = YES;
				GCC_WARN_UNUSED_VARIABLE = YES;
				IPHONEOS_DEPLOYMENT_TARGET = 15.0;
				MTL_ENABLE_DEBUG_INFO = INCLUDE_SOURCE;
				MTL_FAST_MATH = YES;
				ONLY_ACTIVE_ARCH = YES;
				SDKROOT = iphoneos;
				SWIFT_ACTIVE_COMPILATION_CONDITIONS = DEBUG;
				SWIFT_OPTIMIZATION_LEVEL = "-Onone";
			};
			name = Debug;
		};
		DD5A57DE287E3236009B1664 /* Release */ = {
			isa = XCBuildConfiguration;
			buildSettings = {
				ALWAYS_SEARCH_USER_PATHS = NO;
				CLANG_ANALYZER_NONNULL = YES;
				CLANG_ANALYZER_NUMBER_OBJECT_CONVERSION = YES_AGGRESSIVE;
				CLANG_CXX_LANGUAGE_STANDARD = "gnu++17";
				CLANG_ENABLE_MODULES = YES;
				CLANG_ENABLE_OBJC_ARC = YES;
				CLANG_ENABLE_OBJC_WEAK = YES;
				CLANG_WARN_BLOCK_CAPTURE_AUTORELEASING = YES;
				CLANG_WARN_BOOL_CONVERSION = YES;
				CLANG_WARN_COMMA = YES;
				CLANG_WARN_CONSTANT_CONVERSION = YES;
				CLANG_WARN_DEPRECATED_OBJC_IMPLEMENTATIONS = YES;
				CLANG_WARN_DIRECT_OBJC_ISA_USAGE = YES_ERROR;
				CLANG_WARN_DOCUMENTATION_COMMENTS = YES;
				CLANG_WARN_EMPTY_BODY = YES;
				CLANG_WARN_ENUM_CONVERSION = YES;
				CLANG_WARN_INFINITE_RECURSION = YES;
				CLANG_WARN_INT_CONVERSION = YES;
				CLANG_WARN_NON_LITERAL_NULL_CONVERSION = YES;
				CLANG_WARN_OBJC_IMPLICIT_RETAIN_SELF = YES;
				CLANG_WARN_OBJC_LITERAL_CONVERSION = YES;
				CLANG_WARN_OBJC_ROOT_CLASS = YES_ERROR;
				CLANG_WARN_QUOTED_INCLUDE_IN_FRAMEWORK_HEADER = YES;
				CLANG_WARN_RANGE_LOOP_ANALYSIS = YES;
				CLANG_WARN_STRICT_PROTOTYPES = YES;
				CLANG_WARN_SUSPICIOUS_MOVE = YES;
				CLANG_WARN_UNGUARDED_AVAILABILITY = YES_AGGRESSIVE;
				CLANG_WARN_UNREACHABLE_CODE = YES;
				CLANG_WARN__DUPLICATE_METHOD_MATCH = YES;
				COPY_PHASE_STRIP = NO;
				DEBUG_INFORMATION_FORMAT = "dwarf-with-dsym";
				ENABLE_NS_ASSERTIONS = NO;
				ENABLE_STRICT_OBJC_MSGSEND = YES;
				GCC_C_LANGUAGE_STANDARD = gnu11;
				GCC_NO_COMMON_BLOCKS = YES;
				GCC_WARN_64_TO_32_BIT_CONVERSION = YES;
				GCC_WARN_ABOUT_RETURN_TYPE = YES_ERROR;
				GCC_WARN_UNDECLARED_SELECTOR = YES;
				GCC_WARN_UNINITIALIZED_AUTOS = YES_AGGRESSIVE;
				GCC_WARN_UNUSED_FUNCTION = YES;
				GCC_WARN_UNUSED_VARIABLE = YES;
				IPHONEOS_DEPLOYMENT_TARGET = 15.0;
				MTL_ENABLE_DEBUG_INFO = NO;
				MTL_FAST_MATH = YES;
				SDKROOT = iphoneos;
				SWIFT_COMPILATION_MODE = wholemodule;
				SWIFT_OPTIMIZATION_LEVEL = "-O";
				VALIDATE_PRODUCT = YES;
			};
			name = Release;
		};
		DD5A57E0287E3236009B1664 /* Debug */ = {
			isa = XCBuildConfiguration;
			buildSettings = {
				ASSETCATALOG_COMPILER_APPICON_NAME = AppIcon;
				ASSETCATALOG_COMPILER_GLOBAL_ACCENT_COLOR_NAME = AccentColor;
				CODE_SIGN_STYLE = Manual;
				CURRENT_PROJECT_VERSION = 1;
				DEVELOPMENT_TEAM = "";
				GENERATE_INFOPLIST_FILE = YES;
				INFOPLIST_FILE = TbilisiCleanups/Info.plist;
				INFOPLIST_KEY_UIApplicationSupportsIndirectInputEvents = YES;
				INFOPLIST_KEY_UILaunchStoryboardName = LaunchScreen;
				INFOPLIST_KEY_UISupportedInterfaceOrientations_iPad = "UIInterfaceOrientationPortrait UIInterfaceOrientationPortraitUpsideDown UIInterfaceOrientationLandscapeLeft UIInterfaceOrientationLandscapeRight";
				INFOPLIST_KEY_UISupportedInterfaceOrientations_iPhone = "UIInterfaceOrientationPortrait UIInterfaceOrientationLandscapeLeft UIInterfaceOrientationLandscapeRight";
				IPHONEOS_DEPLOYMENT_TARGET = 15.0;
				LD_RUNPATH_SEARCH_PATHS = (
					"$(inherited)",
					"@executable_path/Frameworks",
				);
				MARKETING_VERSION = 1.0;
				OTHER_LDFLAGS = "-ObjC";
				PRODUCT_BUNDLE_IDENTIFIER = net.vadimbelyaev.TbilisiCleanups;
				PRODUCT_NAME = "$(TARGET_NAME)";
				PROVISIONING_PROFILE_SPECIFIER = "";
				SWIFT_EMIT_LOC_STRINGS = YES;
				SWIFT_VERSION = 5.0;
				TARGETED_DEVICE_FAMILY = "1,2";
				USER_HEADER_SEARCH_PATHS = Firebase;
			};
			name = Debug;
		};
		DD5A57E1287E3236009B1664 /* Release */ = {
			isa = XCBuildConfiguration;
			buildSettings = {
				ASSETCATALOG_COMPILER_APPICON_NAME = AppIcon;
				ASSETCATALOG_COMPILER_GLOBAL_ACCENT_COLOR_NAME = AccentColor;
				CODE_SIGN_STYLE = Manual;
				CURRENT_PROJECT_VERSION = 1;
				DEVELOPMENT_TEAM = "";
				GENERATE_INFOPLIST_FILE = YES;
				INFOPLIST_FILE = TbilisiCleanups/Info.plist;
				INFOPLIST_KEY_UIApplicationSupportsIndirectInputEvents = YES;
				INFOPLIST_KEY_UILaunchStoryboardName = LaunchScreen;
				INFOPLIST_KEY_UISupportedInterfaceOrientations_iPad = "UIInterfaceOrientationPortrait UIInterfaceOrientationPortraitUpsideDown UIInterfaceOrientationLandscapeLeft UIInterfaceOrientationLandscapeRight";
				INFOPLIST_KEY_UISupportedInterfaceOrientations_iPhone = "UIInterfaceOrientationPortrait UIInterfaceOrientationLandscapeLeft UIInterfaceOrientationLandscapeRight";
				IPHONEOS_DEPLOYMENT_TARGET = 15.0;
				LD_RUNPATH_SEARCH_PATHS = (
					"$(inherited)",
					"@executable_path/Frameworks",
				);
				MARKETING_VERSION = 1.0;
				OTHER_LDFLAGS = "-ObjC";
				PRODUCT_BUNDLE_IDENTIFIER = net.vadimbelyaev.TbilisiCleanups;
				PRODUCT_NAME = "$(TARGET_NAME)";
				PROVISIONING_PROFILE_SPECIFIER = "";
				SWIFT_EMIT_LOC_STRINGS = YES;
				SWIFT_VERSION = 5.0;
				TARGETED_DEVICE_FAMILY = "1,2";
				USER_HEADER_SEARCH_PATHS = Firebase;
			};
			name = Release;
		};
		DD5A57E3287E3236009B1664 /* Debug */ = {
			isa = XCBuildConfiguration;
			buildSettings = {
				ALWAYS_EMBED_SWIFT_STANDARD_LIBRARIES = YES;
				BUNDLE_LOADER = "$(TEST_HOST)";
				CODE_SIGN_STYLE = Automatic;
				CURRENT_PROJECT_VERSION = 1;
				GENERATE_INFOPLIST_FILE = YES;
				IPHONEOS_DEPLOYMENT_TARGET = 15.5;
				MARKETING_VERSION = 1.0;
				PRODUCT_BUNDLE_IDENTIFIER = net.vadimbelyaev.TbilisiCleanupsTests;
				PRODUCT_NAME = "$(TARGET_NAME)";
				SWIFT_EMIT_LOC_STRINGS = NO;
				SWIFT_VERSION = 5.0;
				TARGETED_DEVICE_FAMILY = "1,2";
				TEST_HOST = "$(BUILT_PRODUCTS_DIR)/TbilisiCleanups.app/TbilisiCleanups";
			};
			name = Debug;
		};
		DD5A57E4287E3236009B1664 /* Release */ = {
			isa = XCBuildConfiguration;
			buildSettings = {
				ALWAYS_EMBED_SWIFT_STANDARD_LIBRARIES = YES;
				BUNDLE_LOADER = "$(TEST_HOST)";
				CODE_SIGN_STYLE = Automatic;
				CURRENT_PROJECT_VERSION = 1;
				GENERATE_INFOPLIST_FILE = YES;
				IPHONEOS_DEPLOYMENT_TARGET = 15.5;
				MARKETING_VERSION = 1.0;
				PRODUCT_BUNDLE_IDENTIFIER = net.vadimbelyaev.TbilisiCleanupsTests;
				PRODUCT_NAME = "$(TARGET_NAME)";
				SWIFT_EMIT_LOC_STRINGS = NO;
				SWIFT_VERSION = 5.0;
				TARGETED_DEVICE_FAMILY = "1,2";
				TEST_HOST = "$(BUILT_PRODUCTS_DIR)/TbilisiCleanups.app/TbilisiCleanups";
			};
			name = Release;
		};
		DD5A57E6287E3236009B1664 /* Debug */ = {
			isa = XCBuildConfiguration;
			buildSettings = {
				ALWAYS_EMBED_SWIFT_STANDARD_LIBRARIES = YES;
				CODE_SIGN_STYLE = Automatic;
				CURRENT_PROJECT_VERSION = 1;
				GENERATE_INFOPLIST_FILE = YES;
				MARKETING_VERSION = 1.0;
				PRODUCT_BUNDLE_IDENTIFIER = net.vadimbelyaev.TbilisiCleanupsUITests;
				PRODUCT_NAME = "$(TARGET_NAME)";
				SWIFT_EMIT_LOC_STRINGS = NO;
				SWIFT_VERSION = 5.0;
				TARGETED_DEVICE_FAMILY = "1,2";
				TEST_TARGET_NAME = TbilisiCleanups;
			};
			name = Debug;
		};
		DD5A57E7287E3236009B1664 /* Release */ = {
			isa = XCBuildConfiguration;
			buildSettings = {
				ALWAYS_EMBED_SWIFT_STANDARD_LIBRARIES = YES;
				CODE_SIGN_STYLE = Automatic;
				CURRENT_PROJECT_VERSION = 1;
				GENERATE_INFOPLIST_FILE = YES;
				MARKETING_VERSION = 1.0;
				PRODUCT_BUNDLE_IDENTIFIER = net.vadimbelyaev.TbilisiCleanupsUITests;
				PRODUCT_NAME = "$(TARGET_NAME)";
				SWIFT_EMIT_LOC_STRINGS = NO;
				SWIFT_VERSION = 5.0;
				TARGETED_DEVICE_FAMILY = "1,2";
				TEST_TARGET_NAME = TbilisiCleanups;
			};
			name = Release;
		};
/* End XCBuildConfiguration section */

/* Begin XCConfigurationList section */
		DD5A57B0287E3235009B1664 /* Build configuration list for PBXProject "TbilisiCleanups" */ = {
			isa = XCConfigurationList;
			buildConfigurations = (
				DD5A57DD287E3236009B1664 /* Debug */,
				DD5A57DE287E3236009B1664 /* Release */,
			);
			defaultConfigurationIsVisible = 0;
			defaultConfigurationName = Release;
		};
		DD5A57DF287E3236009B1664 /* Build configuration list for PBXNativeTarget "TbilisiCleanups" */ = {
			isa = XCConfigurationList;
			buildConfigurations = (
				DD5A57E0287E3236009B1664 /* Debug */,
				DD5A57E1287E3236009B1664 /* Release */,
			);
			defaultConfigurationIsVisible = 0;
			defaultConfigurationName = Release;
		};
		DD5A57E2287E3236009B1664 /* Build configuration list for PBXNativeTarget "TbilisiCleanupsTests" */ = {
			isa = XCConfigurationList;
			buildConfigurations = (
				DD5A57E3287E3236009B1664 /* Debug */,
				DD5A57E4287E3236009B1664 /* Release */,
			);
			defaultConfigurationIsVisible = 0;
			defaultConfigurationName = Release;
		};
		DD5A57E5287E3236009B1664 /* Build configuration list for PBXNativeTarget "TbilisiCleanupsUITests" */ = {
			isa = XCConfigurationList;
			buildConfigurations = (
				DD5A57E6287E3236009B1664 /* Debug */,
				DD5A57E7287E3236009B1664 /* Release */,
			);
			defaultConfigurationIsVisible = 0;
			defaultConfigurationName = Release;
		};
/* End XCConfigurationList section */
	};
	rootObject = DD5A57AD287E3235009B1664 /* Project object */;
}
