// !$*UTF8*$!
{
	archiveVersion = 1;
	classes = {
	};
	objectVersion = 55;
	objects = {

/* Begin PBXBuildFile section */
		DD0632E5288BD976001DEC31 /* AboutView.swift in Sources */ = {isa = PBXBuildFile; fileRef = DD0632E4288BD976001DEC31 /* AboutView.swift */; };
		DD0632E7288C3CE3001DEC31 /* LoadingState.swift in Sources */ = {isa = PBXBuildFile; fileRef = DD0632E6288C3CE3001DEC31 /* LoadingState.swift */; };
		DD2AF403287F61FB0017A64C /* TbilisiCleanupsApp.swift in Sources */ = {isa = PBXBuildFile; fileRef = DD2AF402287F61FB0017A64C /* TbilisiCleanupsApp.swift */; };
		DD2AF405287F61FB0017A64C /* RootView.swift in Sources */ = {isa = PBXBuildFile; fileRef = DD2AF404287F61FB0017A64C /* RootView.swift */; };
		DD2AF407287F61FC0017A64C /* Assets.xcassets in Resources */ = {isa = PBXBuildFile; fileRef = DD2AF406287F61FC0017A64C /* Assets.xcassets */; };
		DD2AF40A287F61FC0017A64C /* Preview Assets.xcassets in Resources */ = {isa = PBXBuildFile; fileRef = DD2AF409287F61FC0017A64C /* Preview Assets.xcassets */; };
		DD2AF414287F61FC0017A64C /* TbilisiCleanupsTests.swift in Sources */ = {isa = PBXBuildFile; fileRef = DD2AF413287F61FC0017A64C /* TbilisiCleanupsTests.swift */; };
		DD2AF41E287F61FC0017A64C /* TbilisiCleanupsUITests.swift in Sources */ = {isa = PBXBuildFile; fileRef = DD2AF41D287F61FC0017A64C /* TbilisiCleanupsUITests.swift */; };
		DD2AF420287F61FC0017A64C /* TbilisiCleanupsUITestsLaunchTests.swift in Sources */ = {isa = PBXBuildFile; fileRef = DD2AF41F287F61FC0017A64C /* TbilisiCleanupsUITestsLaunchTests.swift */; };
		DD2AF46C287F67B60017A64C /* ReportStartView.swift in Sources */ = {isa = PBXBuildFile; fileRef = DD2AF46B287F67B60017A64C /* ReportStartView.swift */; };
		DD2AF46E287F71B70017A64C /* ReportLocationView.swift in Sources */ = {isa = PBXBuildFile; fileRef = DD2AF46D287F71B70017A64C /* ReportLocationView.swift */; };
		DD2AF470288054860017A64C /* ReportLocationViewModel.swift in Sources */ = {isa = PBXBuildFile; fileRef = DD2AF46F288054860017A64C /* ReportLocationViewModel.swift */; };
		DD2AF4722881EB030017A64C /* ReportDescriptionView.swift in Sources */ = {isa = PBXBuildFile; fileRef = DD2AF4712881EB030017A64C /* ReportDescriptionView.swift */; };
		DD2AF4752881EED10017A64C /* AppState.swift in Sources */ = {isa = PBXBuildFile; fileRef = DD2AF4742881EED10017A64C /* AppState.swift */; };
		DD2AF477288209940017A64C /* ReportPhotosView.swift in Sources */ = {isa = PBXBuildFile; fileRef = DD2AF476288209940017A64C /* ReportPhotosView.swift */; };
		DD2AF479288209BD0017A64C /* ReportPhotosViewModel.swift in Sources */ = {isa = PBXBuildFile; fileRef = DD2AF478288209BD0017A64C /* ReportPhotosViewModel.swift */; };
		DD2AF47C28821AF90017A64C /* PhotoPicker.swift in Sources */ = {isa = PBXBuildFile; fileRef = DD2AF47B28821AF90017A64C /* PhotoPicker.swift */; };
		DD39F262288623D20023F01D /* MediaUploadService.swift in Sources */ = {isa = PBXBuildFile; fileRef = DD39F261288623D20023F01D /* MediaUploadService.swift */; };
		DD7838722884B56C00ED2CE9 /* SotoAWSConfigHelper.swift in Sources */ = {isa = PBXBuildFile; fileRef = DD7838712884B56C00ED2CE9 /* SotoAWSConfigHelper.swift */; };
		DD7838742884B6FF00ED2CE9 /* S3Service.swift in Sources */ = {isa = PBXBuildFile; fileRef = DD7838732884B6FF00ED2CE9 /* S3Service.swift */; };
		DD7838762884CFC100ED2CE9 /* README.md in Resources */ = {isa = PBXBuildFile; fileRef = DD7838752884CFC100ED2CE9 /* README.md */; };
		DD8B25C82887191B0013D50F /* Report.swift in Sources */ = {isa = PBXBuildFile; fileRef = DD8B25C72887191B0013D50F /* Report.swift */; };
		DDB1D80D2889309300CE464B /* State+L10n.swift in Sources */ = {isa = PBXBuildFile; fileRef = DDB1D80C2889309300CE464B /* State+L10n.swift */; };
		DDCE7803288308E100ACA7BF /* MapView.swift in Sources */ = {isa = PBXBuildFile; fileRef = DDCE7802288308E100ACA7BF /* MapView.swift */; };
		DDCE781F2883697800ACA7BF /* OverlayNavigationLink.swift in Sources */ = {isa = PBXBuildFile; fileRef = DDCE781E2883697800ACA7BF /* OverlayNavigationLink.swift */; };
		DDCE78212883F90600ACA7BF /* ReportDraft.swift in Sources */ = {isa = PBXBuildFile; fileRef = DDCE78202883F90600ACA7BF /* ReportDraft.swift */; };
		DDCE78232883F96000ACA7BF /* UserState.swift in Sources */ = {isa = PBXBuildFile; fileRef = DDCE78222883F96000ACA7BF /* UserState.swift */; };
		DDCE78272883FD8700ACA7BF /* FirebaseAuthView.swift in Sources */ = {isa = PBXBuildFile; fileRef = DDCE78262883FD8700ACA7BF /* FirebaseAuthView.swift */; };
		DDCE782A2884041100ACA7BF /* FirebaseAnalytics in Frameworks */ = {isa = PBXBuildFile; productRef = DDCE78292884041100ACA7BF /* FirebaseAnalytics */; };
		DDCE782C2884041100ACA7BF /* FirebaseAuth in Frameworks */ = {isa = PBXBuildFile; productRef = DDCE782B2884041100ACA7BF /* FirebaseAuth */; };
		DDCE782E2884041100ACA7BF /* FirebaseCrashlytics in Frameworks */ = {isa = PBXBuildFile; productRef = DDCE782D2884041100ACA7BF /* FirebaseCrashlytics */; };
		DDCE78302884041100ACA7BF /* FirebaseFirestore in Frameworks */ = {isa = PBXBuildFile; productRef = DDCE782F2884041100ACA7BF /* FirebaseFirestore */; };
		DDCE78322884041100ACA7BF /* FirebaseMessaging in Frameworks */ = {isa = PBXBuildFile; productRef = DDCE78312884041100ACA7BF /* FirebaseMessaging */; };
		DDCE78352884062800ACA7BF /* GoogleService-Info.plist in Resources */ = {isa = PBXBuildFile; fileRef = DDCE78342884062800ACA7BF /* GoogleService-Info.plist */; };
		DDCE78382884079600ACA7BF /* FirebaseAuthUI in Frameworks */ = {isa = PBXBuildFile; productRef = DDCE78372884079600ACA7BF /* FirebaseAuthUI */; };
		DDCE783A2884079600ACA7BF /* FirebaseEmailAuthUI in Frameworks */ = {isa = PBXBuildFile; productRef = DDCE78392884079600ACA7BF /* FirebaseEmailAuthUI */; };
		DDCE783C2884079600ACA7BF /* FirebaseFacebookAuthUI in Frameworks */ = {isa = PBXBuildFile; productRef = DDCE783B2884079600ACA7BF /* FirebaseFacebookAuthUI */; };
		DDCE783E2884079600ACA7BF /* FirebaseGoogleAuthUI in Frameworks */ = {isa = PBXBuildFile; productRef = DDCE783D2884079600ACA7BF /* FirebaseGoogleAuthUI */; };
		DDCE78402884079600ACA7BF /* FirebaseOAuthUI in Frameworks */ = {isa = PBXBuildFile; productRef = DDCE783F2884079600ACA7BF /* FirebaseOAuthUI */; };
		DDCE78442884341F00ACA7BF /* AuthService.swift in Sources */ = {isa = PBXBuildFile; fileRef = DDCE78432884341F00ACA7BF /* AuthService.swift */; };
		DDCE7847288438CF00ACA7BF /* UserProfileView.swift in Sources */ = {isa = PBXBuildFile; fileRef = DDCE7846288438CF00ACA7BF /* UserProfileView.swift */; };
		DDCE78492884434A00ACA7BF /* ReportService.swift in Sources */ = {isa = PBXBuildFile; fileRef = DDCE78482884434A00ACA7BF /* ReportService.swift */; };
		DDCE784C288443C800ACA7BF /* ReportSubmissionView.swift in Sources */ = {isa = PBXBuildFile; fileRef = DDCE784B288443C800ACA7BF /* ReportSubmissionView.swift */; };
		DDCE78572884AFC100ACA7BF /* SotoS3 in Frameworks */ = {isa = PBXBuildFile; productRef = DDCE78562884AFC100ACA7BF /* SotoS3 */; };
		DDCE785A2884B3AD00ACA7BF /* SotoAWS.plist in Resources */ = {isa = PBXBuildFile; fileRef = DDCE78592884B3AD00ACA7BF /* SotoAWS.plist */; };
/* End PBXBuildFile section */

/* Begin PBXContainerItemProxy section */
		DD2AF410287F61FC0017A64C /* PBXContainerItemProxy */ = {
			isa = PBXContainerItemProxy;
			containerPortal = DD2AF3F7287F61FB0017A64C /* Project object */;
			proxyType = 1;
			remoteGlobalIDString = DD2AF3FE287F61FB0017A64C;
			remoteInfo = TbilisiCleanups;
		};
		DD2AF41A287F61FC0017A64C /* PBXContainerItemProxy */ = {
			isa = PBXContainerItemProxy;
			containerPortal = DD2AF3F7287F61FB0017A64C /* Project object */;
			proxyType = 1;
			remoteGlobalIDString = DD2AF3FE287F61FB0017A64C;
			remoteInfo = TbilisiCleanups;
		};
/* End PBXContainerItemProxy section */

/* Begin PBXFileReference section */
		DD0632E4288BD976001DEC31 /* AboutView.swift */ = {isa = PBXFileReference; lastKnownFileType = sourcecode.swift; path = AboutView.swift; sourceTree = "<group>"; };
		DD0632E6288C3CE3001DEC31 /* LoadingState.swift */ = {isa = PBXFileReference; lastKnownFileType = sourcecode.swift; path = LoadingState.swift; sourceTree = "<group>"; };
		DD2AF3FF287F61FB0017A64C /* TbilisiCleanups.app */ = {isa = PBXFileReference; explicitFileType = wrapper.application; includeInIndex = 0; path = TbilisiCleanups.app; sourceTree = BUILT_PRODUCTS_DIR; };
		DD2AF402287F61FB0017A64C /* TbilisiCleanupsApp.swift */ = {isa = PBXFileReference; lastKnownFileType = sourcecode.swift; path = TbilisiCleanupsApp.swift; sourceTree = "<group>"; };
		DD2AF404287F61FB0017A64C /* RootView.swift */ = {isa = PBXFileReference; lastKnownFileType = sourcecode.swift; path = RootView.swift; sourceTree = "<group>"; };
		DD2AF406287F61FC0017A64C /* Assets.xcassets */ = {isa = PBXFileReference; lastKnownFileType = folder.assetcatalog; path = Assets.xcassets; sourceTree = "<group>"; };
		DD2AF409287F61FC0017A64C /* Preview Assets.xcassets */ = {isa = PBXFileReference; lastKnownFileType = folder.assetcatalog; path = "Preview Assets.xcassets"; sourceTree = "<group>"; };
		DD2AF40F287F61FC0017A64C /* TbilisiCleanupsTests.xctest */ = {isa = PBXFileReference; explicitFileType = wrapper.cfbundle; includeInIndex = 0; path = TbilisiCleanupsTests.xctest; sourceTree = BUILT_PRODUCTS_DIR; };
		DD2AF413287F61FC0017A64C /* TbilisiCleanupsTests.swift */ = {isa = PBXFileReference; lastKnownFileType = sourcecode.swift; path = TbilisiCleanupsTests.swift; sourceTree = "<group>"; };
		DD2AF419287F61FC0017A64C /* TbilisiCleanupsUITests.xctest */ = {isa = PBXFileReference; explicitFileType = wrapper.cfbundle; includeInIndex = 0; path = TbilisiCleanupsUITests.xctest; sourceTree = BUILT_PRODUCTS_DIR; };
		DD2AF41D287F61FC0017A64C /* TbilisiCleanupsUITests.swift */ = {isa = PBXFileReference; lastKnownFileType = sourcecode.swift; path = TbilisiCleanupsUITests.swift; sourceTree = "<group>"; };
		DD2AF41F287F61FC0017A64C /* TbilisiCleanupsUITestsLaunchTests.swift */ = {isa = PBXFileReference; lastKnownFileType = sourcecode.swift; path = TbilisiCleanupsUITestsLaunchTests.swift; sourceTree = "<group>"; };
		DD2AF46B287F67B60017A64C /* ReportStartView.swift */ = {isa = PBXFileReference; lastKnownFileType = sourcecode.swift; path = ReportStartView.swift; sourceTree = "<group>"; };
		DD2AF46D287F71B70017A64C /* ReportLocationView.swift */ = {isa = PBXFileReference; lastKnownFileType = sourcecode.swift; path = ReportLocationView.swift; sourceTree = "<group>"; };
		DD2AF46F288054860017A64C /* ReportLocationViewModel.swift */ = {isa = PBXFileReference; lastKnownFileType = sourcecode.swift; path = ReportLocationViewModel.swift; sourceTree = "<group>"; };
		DD2AF4712881EB030017A64C /* ReportDescriptionView.swift */ = {isa = PBXFileReference; lastKnownFileType = sourcecode.swift; path = ReportDescriptionView.swift; sourceTree = "<group>"; };
		DD2AF4742881EED10017A64C /* AppState.swift */ = {isa = PBXFileReference; lastKnownFileType = sourcecode.swift; path = AppState.swift; sourceTree = "<group>"; };
		DD2AF476288209940017A64C /* ReportPhotosView.swift */ = {isa = PBXFileReference; lastKnownFileType = sourcecode.swift; path = ReportPhotosView.swift; sourceTree = "<group>"; };
		DD2AF478288209BD0017A64C /* ReportPhotosViewModel.swift */ = {isa = PBXFileReference; lastKnownFileType = sourcecode.swift; path = ReportPhotosViewModel.swift; sourceTree = "<group>"; };
		DD2AF47B28821AF90017A64C /* PhotoPicker.swift */ = {isa = PBXFileReference; lastKnownFileType = sourcecode.swift; path = PhotoPicker.swift; sourceTree = "<group>"; };
		DD39F261288623D20023F01D /* MediaUploadService.swift */ = {isa = PBXFileReference; lastKnownFileType = sourcecode.swift; path = MediaUploadService.swift; sourceTree = "<group>"; };
		DD7838712884B56C00ED2CE9 /* SotoAWSConfigHelper.swift */ = {isa = PBXFileReference; lastKnownFileType = sourcecode.swift; path = SotoAWSConfigHelper.swift; sourceTree = "<group>"; };
		DD7838732884B6FF00ED2CE9 /* S3Service.swift */ = {isa = PBXFileReference; lastKnownFileType = sourcecode.swift; path = S3Service.swift; sourceTree = "<group>"; };
		DD7838752884CFC100ED2CE9 /* README.md */ = {isa = PBXFileReference; fileEncoding = 4; lastKnownFileType = net.daringfireball.markdown; path = README.md; sourceTree = "<group>"; };
		DD8B25C72887191B0013D50F /* Report.swift */ = {isa = PBXFileReference; lastKnownFileType = sourcecode.swift; path = Report.swift; sourceTree = "<group>"; };
		DDB1D80C2889309300CE464B /* State+L10n.swift */ = {isa = PBXFileReference; lastKnownFileType = sourcecode.swift; path = "State+L10n.swift"; sourceTree = "<group>"; };
		DDCE77F82882E9E300ACA7BF /* TbilisiCleanups.entitlements */ = {isa = PBXFileReference; lastKnownFileType = text.plist.entitlements; path = TbilisiCleanups.entitlements; sourceTree = "<group>"; };
		DDCE77F92882EA0C00ACA7BF /* Info.plist */ = {isa = PBXFileReference; lastKnownFileType = text.plist.xml; path = Info.plist; sourceTree = "<group>"; };
		DDCE7802288308E100ACA7BF /* MapView.swift */ = {isa = PBXFileReference; lastKnownFileType = sourcecode.swift; path = MapView.swift; sourceTree = "<group>"; };
		DDCE781E2883697800ACA7BF /* OverlayNavigationLink.swift */ = {isa = PBXFileReference; lastKnownFileType = sourcecode.swift; path = OverlayNavigationLink.swift; sourceTree = "<group>"; };
		DDCE78202883F90600ACA7BF /* ReportDraft.swift */ = {isa = PBXFileReference; lastKnownFileType = sourcecode.swift; path = ReportDraft.swift; sourceTree = "<group>"; };
		DDCE78222883F96000ACA7BF /* UserState.swift */ = {isa = PBXFileReference; lastKnownFileType = sourcecode.swift; path = UserState.swift; sourceTree = "<group>"; };
		DDCE78262883FD8700ACA7BF /* FirebaseAuthView.swift */ = {isa = PBXFileReference; lastKnownFileType = sourcecode.swift; path = FirebaseAuthView.swift; sourceTree = "<group>"; };
		DDCE78342884062800ACA7BF /* GoogleService-Info.plist */ = {isa = PBXFileReference; fileEncoding = 4; lastKnownFileType = text.plist.xml; path = "GoogleService-Info.plist"; sourceTree = "<group>"; };
		DDCE78432884341F00ACA7BF /* AuthService.swift */ = {isa = PBXFileReference; lastKnownFileType = sourcecode.swift; path = AuthService.swift; sourceTree = "<group>"; };
		DDCE7846288438CF00ACA7BF /* UserProfileView.swift */ = {isa = PBXFileReference; lastKnownFileType = sourcecode.swift; path = UserProfileView.swift; sourceTree = "<group>"; };
		DDCE78482884434A00ACA7BF /* ReportService.swift */ = {isa = PBXFileReference; lastKnownFileType = sourcecode.swift; path = ReportService.swift; sourceTree = "<group>"; };
		DDCE784B288443C800ACA7BF /* ReportSubmissionView.swift */ = {isa = PBXFileReference; lastKnownFileType = sourcecode.swift; path = ReportSubmissionView.swift; sourceTree = "<group>"; };
		DDCE78592884B3AD00ACA7BF /* SotoAWS.plist */ = {isa = PBXFileReference; lastKnownFileType = text.plist.xml; path = SotoAWS.plist; sourceTree = "<group>"; };
/* End PBXFileReference section */

/* Begin PBXFrameworksBuildPhase section */
		DD2AF3FC287F61FB0017A64C /* Frameworks */ = {
			isa = PBXFrameworksBuildPhase;
			buildActionMask = 2147483647;
			files = (
				DDCE782E2884041100ACA7BF /* FirebaseCrashlytics in Frameworks */,
				DDCE783C2884079600ACA7BF /* FirebaseFacebookAuthUI in Frameworks */,
				DDCE783E2884079600ACA7BF /* FirebaseGoogleAuthUI in Frameworks */,
				DDCE78382884079600ACA7BF /* FirebaseAuthUI in Frameworks */,
				DDCE78302884041100ACA7BF /* FirebaseFirestore in Frameworks */,
				DDCE78322884041100ACA7BF /* FirebaseMessaging in Frameworks */,
				DDCE782A2884041100ACA7BF /* FirebaseAnalytics in Frameworks */,
				DDCE78402884079600ACA7BF /* FirebaseOAuthUI in Frameworks */,
				DDCE78572884AFC100ACA7BF /* SotoS3 in Frameworks */,
				DDCE783A2884079600ACA7BF /* FirebaseEmailAuthUI in Frameworks */,
				DDCE782C2884041100ACA7BF /* FirebaseAuth in Frameworks */,
			);
			runOnlyForDeploymentPostprocessing = 0;
		};
		DD2AF40C287F61FC0017A64C /* Frameworks */ = {
			isa = PBXFrameworksBuildPhase;
			buildActionMask = 2147483647;
			files = (
			);
			runOnlyForDeploymentPostprocessing = 0;
		};
		DD2AF416287F61FC0017A64C /* Frameworks */ = {
			isa = PBXFrameworksBuildPhase;
			buildActionMask = 2147483647;
			files = (
			);
			runOnlyForDeploymentPostprocessing = 0;
		};
/* End PBXFrameworksBuildPhase section */

/* Begin PBXGroup section */
		DD0632E3288BD962001DEC31 /* AboutView */ = {
			isa = PBXGroup;
			children = (
				DD0632E4288BD976001DEC31 /* AboutView.swift */,
			);
			path = AboutView;
			sourceTree = "<group>";
		};
		DD2AF3F6287F61FB0017A64C = {
			isa = PBXGroup;
			children = (
				DD7838752884CFC100ED2CE9 /* README.md */,
				DD2AF401287F61FB0017A64C /* TbilisiCleanups */,
				DD2AF412287F61FC0017A64C /* TbilisiCleanupsTests */,
				DD2AF41C287F61FC0017A64C /* TbilisiCleanupsUITests */,
				DDCE78582884B1DD00ACA7BF /* AWS */,
				DDCE78332884061100ACA7BF /* Firebase */,
				DD2AF400287F61FB0017A64C /* Products */,
			);
			sourceTree = "<group>";
		};
		DD2AF400287F61FB0017A64C /* Products */ = {
			isa = PBXGroup;
			children = (
				DD2AF3FF287F61FB0017A64C /* TbilisiCleanups.app */,
				DD2AF40F287F61FC0017A64C /* TbilisiCleanupsTests.xctest */,
				DD2AF419287F61FC0017A64C /* TbilisiCleanupsUITests.xctest */,
			);
			name = Products;
			sourceTree = "<group>";
		};
		DD2AF401287F61FB0017A64C /* TbilisiCleanups */ = {
			isa = PBXGroup;
			children = (
				DDCE78012882F4B200ACA7BF /* App */,
				DDCE77FA2882F43800ACA7BF /* Resources */,
				DDCE78422884337900ACA7BF /* Services */,
				DD2AF4732881EEC30017A64C /* State */,
				DDB1D80B2889307E00CE464B /* Localization */,
				DDCE77FB2882F44A00ACA7BF /* Views */,
				DDCE77F92882EA0C00ACA7BF /* Info.plist */,
				DDCE77F82882E9E300ACA7BF /* TbilisiCleanups.entitlements */,
				DD2AF408287F61FC0017A64C /* Preview Content */,
			);
			path = TbilisiCleanups;
			sourceTree = "<group>";
		};
		DD2AF408287F61FC0017A64C /* Preview Content */ = {
			isa = PBXGroup;
			children = (
				DD2AF409287F61FC0017A64C /* Preview Assets.xcassets */,
			);
			path = "Preview Content";
			sourceTree = "<group>";
		};
		DD2AF412287F61FC0017A64C /* TbilisiCleanupsTests */ = {
			isa = PBXGroup;
			children = (
				DD2AF413287F61FC0017A64C /* TbilisiCleanupsTests.swift */,
			);
			path = TbilisiCleanupsTests;
			sourceTree = "<group>";
		};
		DD2AF41C287F61FC0017A64C /* TbilisiCleanupsUITests */ = {
			isa = PBXGroup;
			children = (
				DD2AF41D287F61FC0017A64C /* TbilisiCleanupsUITests.swift */,
				DD2AF41F287F61FC0017A64C /* TbilisiCleanupsUITestsLaunchTests.swift */,
			);
			path = TbilisiCleanupsUITests;
			sourceTree = "<group>";
		};
		DD2AF4732881EEC30017A64C /* State */ = {
			isa = PBXGroup;
			children = (
				DD2AF4742881EED10017A64C /* AppState.swift */,
				DD8B25C72887191B0013D50F /* Report.swift */,
				DDCE78202883F90600ACA7BF /* ReportDraft.swift */,
				DDCE78222883F96000ACA7BF /* UserState.swift */,
				DD0632E6288C3CE3001DEC31 /* LoadingState.swift */,
			);
			path = State;
			sourceTree = "<group>";
		};
		DD2AF47A28821AE00017A64C /* UI Components */ = {
			isa = PBXGroup;
			children = (
				DDCE78262883FD8700ACA7BF /* FirebaseAuthView.swift */,
				DDCE7802288308E100ACA7BF /* MapView.swift */,
				DD2AF47B28821AF90017A64C /* PhotoPicker.swift */,
				DDCE781E2883697800ACA7BF /* OverlayNavigationLink.swift */,
			);
			path = "UI Components";
			sourceTree = "<group>";
		};
		DDB1D80B2889307E00CE464B /* Localization */ = {
			isa = PBXGroup;
			children = (
				DDB1D80C2889309300CE464B /* State+L10n.swift */,
			);
			path = Localization;
			sourceTree = "<group>";
		};
		DDCE77FA2882F43800ACA7BF /* Resources */ = {
			isa = PBXGroup;
			children = (
				DD2AF406287F61FC0017A64C /* Assets.xcassets */,
			);
			path = Resources;
			sourceTree = "<group>";
		};
		DDCE77FB2882F44A00ACA7BF /* Views */ = {
			isa = PBXGroup;
			children = (
				DD2AF47A28821AE00017A64C /* UI Components */,
				DD0632E3288BD962001DEC31 /* AboutView */,
				DDCE77FE2882F47600ACA7BF /* ReportDescriptionView */,
				DDCE77FC2882F45F00ACA7BF /* ReportLocationView */,
				DDCE78002882F48A00ACA7BF /* ReportPhotosView */,
				DDCE77FF2882F47F00ACA7BF /* ReportStartView */,
				DDCE784A288443B000ACA7BF /* ReportSubmissionView */,
				DDCE77FD2882F46F00ACA7BF /* RootView */,
				DDCE7845288438AA00ACA7BF /* UserProfileView */,
			);
			path = Views;
			sourceTree = "<group>";
		};
		DDCE77FC2882F45F00ACA7BF /* ReportLocationView */ = {
			isa = PBXGroup;
			children = (
				DD2AF46D287F71B70017A64C /* ReportLocationView.swift */,
				DD2AF46F288054860017A64C /* ReportLocationViewModel.swift */,
			);
			path = ReportLocationView;
			sourceTree = "<group>";
		};
		DDCE77FD2882F46F00ACA7BF /* RootView */ = {
			isa = PBXGroup;
			children = (
				DD2AF404287F61FB0017A64C /* RootView.swift */,
			);
			path = RootView;
			sourceTree = "<group>";
		};
		DDCE77FE2882F47600ACA7BF /* ReportDescriptionView */ = {
			isa = PBXGroup;
			children = (
				DD2AF4712881EB030017A64C /* ReportDescriptionView.swift */,
			);
			path = ReportDescriptionView;
			sourceTree = "<group>";
		};
		DDCE77FF2882F47F00ACA7BF /* ReportStartView */ = {
			isa = PBXGroup;
			children = (
				DD2AF46B287F67B60017A64C /* ReportStartView.swift */,
			);
			path = ReportStartView;
			sourceTree = "<group>";
		};
		DDCE78002882F48A00ACA7BF /* ReportPhotosView */ = {
			isa = PBXGroup;
			children = (
				DD2AF476288209940017A64C /* ReportPhotosView.swift */,
				DD2AF478288209BD0017A64C /* ReportPhotosViewModel.swift */,
			);
			path = ReportPhotosView;
			sourceTree = "<group>";
		};
		DDCE78012882F4B200ACA7BF /* App */ = {
			isa = PBXGroup;
			children = (
				DD2AF402287F61FB0017A64C /* TbilisiCleanupsApp.swift */,
			);
			path = App;
			sourceTree = "<group>";
		};
		DDCE78332884061100ACA7BF /* Firebase */ = {
			isa = PBXGroup;
			children = (
				DDCE78342884062800ACA7BF /* GoogleService-Info.plist */,
			);
			path = Firebase;
			sourceTree = "<group>";
		};
		DDCE78422884337900ACA7BF /* Services */ = {
			isa = PBXGroup;
			children = (
				DDCE78432884341F00ACA7BF /* AuthService.swift */,
				DD39F261288623D20023F01D /* MediaUploadService.swift */,
				DDCE78482884434A00ACA7BF /* ReportService.swift */,
				DD7838732884B6FF00ED2CE9 /* S3Service.swift */,
				DD7838712884B56C00ED2CE9 /* SotoAWSConfigHelper.swift */,
			);
			path = Services;
			sourceTree = "<group>";
		};
		DDCE7845288438AA00ACA7BF /* UserProfileView */ = {
			isa = PBXGroup;
			children = (
				DDCE7846288438CF00ACA7BF /* UserProfileView.swift */,
			);
			path = UserProfileView;
			sourceTree = "<group>";
		};
		DDCE784A288443B000ACA7BF /* ReportSubmissionView */ = {
			isa = PBXGroup;
			children = (
				DDCE784B288443C800ACA7BF /* ReportSubmissionView.swift */,
			);
			path = ReportSubmissionView;
			sourceTree = "<group>";
		};
		DDCE78582884B1DD00ACA7BF /* AWS */ = {
			isa = PBXGroup;
			children = (
				DDCE78592884B3AD00ACA7BF /* SotoAWS.plist */,
			);
			path = AWS;
			sourceTree = "<group>";
		};
/* End PBXGroup section */

/* Begin PBXNativeTarget section */
		DD2AF3FE287F61FB0017A64C /* TbilisiCleanups */ = {
			isa = PBXNativeTarget;
			buildConfigurationList = DD2AF423287F61FC0017A64C /* Build configuration list for PBXNativeTarget "TbilisiCleanups" */;
			buildPhases = (
				DD2AF3FB287F61FB0017A64C /* Sources */,
				DD2AF3FC287F61FB0017A64C /* Frameworks */,
				DD2AF3FD287F61FB0017A64C /* Resources */,
				DDCE77F72882E6DA00ACA7BF /* Upload dSYM to Crashlytics */,
			);
			buildRules = (
			);
			dependencies = (
			);
			name = TbilisiCleanups;
			packageProductDependencies = (
				DDCE78292884041100ACA7BF /* FirebaseAnalytics */,
				DDCE782B2884041100ACA7BF /* FirebaseAuth */,
				DDCE782D2884041100ACA7BF /* FirebaseCrashlytics */,
				DDCE782F2884041100ACA7BF /* FirebaseFirestore */,
				DDCE78312884041100ACA7BF /* FirebaseMessaging */,
				DDCE78372884079600ACA7BF /* FirebaseAuthUI */,
				DDCE78392884079600ACA7BF /* FirebaseEmailAuthUI */,
				DDCE783B2884079600ACA7BF /* FirebaseFacebookAuthUI */,
				DDCE783D2884079600ACA7BF /* FirebaseGoogleAuthUI */,
				DDCE783F2884079600ACA7BF /* FirebaseOAuthUI */,
				DDCE78562884AFC100ACA7BF /* SotoS3 */,
			);
			productName = TbilisiCleanups;
			productReference = DD2AF3FF287F61FB0017A64C /* TbilisiCleanups.app */;
			productType = "com.apple.product-type.application";
		};
		DD2AF40E287F61FC0017A64C /* TbilisiCleanupsTests */ = {
			isa = PBXNativeTarget;
			buildConfigurationList = DD2AF426287F61FC0017A64C /* Build configuration list for PBXNativeTarget "TbilisiCleanupsTests" */;
			buildPhases = (
				DD2AF40B287F61FC0017A64C /* Sources */,
				DD2AF40C287F61FC0017A64C /* Frameworks */,
				DD2AF40D287F61FC0017A64C /* Resources */,
			);
			buildRules = (
			);
			dependencies = (
				DD2AF411287F61FC0017A64C /* PBXTargetDependency */,
			);
			name = TbilisiCleanupsTests;
			productName = TbilisiCleanupsTests;
			productReference = DD2AF40F287F61FC0017A64C /* TbilisiCleanupsTests.xctest */;
			productType = "com.apple.product-type.bundle.unit-test";
		};
		DD2AF418287F61FC0017A64C /* TbilisiCleanupsUITests */ = {
			isa = PBXNativeTarget;
			buildConfigurationList = DD2AF429287F61FC0017A64C /* Build configuration list for PBXNativeTarget "TbilisiCleanupsUITests" */;
			buildPhases = (
				DD2AF415287F61FC0017A64C /* Sources */,
				DD2AF416287F61FC0017A64C /* Frameworks */,
				DD2AF417287F61FC0017A64C /* Resources */,
			);
			buildRules = (
			);
			dependencies = (
				DD2AF41B287F61FC0017A64C /* PBXTargetDependency */,
			);
			name = TbilisiCleanupsUITests;
			productName = TbilisiCleanupsUITests;
			productReference = DD2AF419287F61FC0017A64C /* TbilisiCleanupsUITests.xctest */;
			productType = "com.apple.product-type.bundle.ui-testing";
		};
/* End PBXNativeTarget section */

/* Begin PBXProject section */
		DD2AF3F7287F61FB0017A64C /* Project object */ = {
			isa = PBXProject;
			attributes = {
				BuildIndependentTargetsInParallel = 1;
				LastSwiftUpdateCheck = 1340;
				LastUpgradeCheck = 1340;
				TargetAttributes = {
					DD2AF3FE287F61FB0017A64C = {
						CreatedOnToolsVersion = 13.4;
					};
					DD2AF40E287F61FC0017A64C = {
						CreatedOnToolsVersion = 13.4;
						TestTargetID = DD2AF3FE287F61FB0017A64C;
					};
					DD2AF418287F61FC0017A64C = {
						CreatedOnToolsVersion = 13.4;
						TestTargetID = DD2AF3FE287F61FB0017A64C;
					};
				};
			};
			buildConfigurationList = DD2AF3FA287F61FB0017A64C /* Build configuration list for PBXProject "TbilisiCleanups" */;
			compatibilityVersion = "Xcode 13.0";
			developmentRegion = en;
			hasScannedForEncodings = 0;
			knownRegions = (
				en,
				Base,
			);
			mainGroup = DD2AF3F6287F61FB0017A64C;
			packageReferences = (
				DDCE78282884041100ACA7BF /* XCRemoteSwiftPackageReference "firebase-ios-sdk" */,
				DDCE78362884079600ACA7BF /* XCRemoteSwiftPackageReference "FirebaseUI-iOS" */,
				DDCE78552884AFC100ACA7BF /* XCRemoteSwiftPackageReference "soto" */,
			);
			productRefGroup = DD2AF400287F61FB0017A64C /* Products */;
			projectDirPath = "";
			projectRoot = "";
			targets = (
				DD2AF3FE287F61FB0017A64C /* TbilisiCleanups */,
				DD2AF40E287F61FC0017A64C /* TbilisiCleanupsTests */,
				DD2AF418287F61FC0017A64C /* TbilisiCleanupsUITests */,
			);
		};
/* End PBXProject section */

/* Begin PBXResourcesBuildPhase section */
		DD2AF3FD287F61FB0017A64C /* Resources */ = {
			isa = PBXResourcesBuildPhase;
			buildActionMask = 2147483647;
			files = (
				DD2AF40A287F61FC0017A64C /* Preview Assets.xcassets in Resources */,
				DD2AF407287F61FC0017A64C /* Assets.xcassets in Resources */,
				DD7838762884CFC100ED2CE9 /* README.md in Resources */,
				DDCE78352884062800ACA7BF /* GoogleService-Info.plist in Resources */,
				DDCE785A2884B3AD00ACA7BF /* SotoAWS.plist in Resources */,
			);
			runOnlyForDeploymentPostprocessing = 0;
		};
		DD2AF40D287F61FC0017A64C /* Resources */ = {
			isa = PBXResourcesBuildPhase;
			buildActionMask = 2147483647;
			files = (
			);
			runOnlyForDeploymentPostprocessing = 0;
		};
		DD2AF417287F61FC0017A64C /* Resources */ = {
			isa = PBXResourcesBuildPhase;
			buildActionMask = 2147483647;
			files = (
			);
			runOnlyForDeploymentPostprocessing = 0;
		};
/* End PBXResourcesBuildPhase section */

/* Begin PBXShellScriptBuildPhase section */
		DDCE77F72882E6DA00ACA7BF /* Upload dSYM to Crashlytics */ = {
			isa = PBXShellScriptBuildPhase;
			buildActionMask = 2147483647;
			files = (
			);
			inputFileListPaths = (
			);
			inputPaths = (
				"${DWARF_DSYM_FOLDER_PATH}/${DWARF_DSYM_FILE_NAME}/Contents/Resources/DWARF/${TARGET_NAME}",
				"$(SRCROOT)/$(BUILT_PRODUCTS_DIR)/$(INFOPLIST_PATH)",
			);
			name = "Upload dSYM to Crashlytics";
			outputFileListPaths = (
			);
			outputPaths = (
			);
			runOnlyForDeploymentPostprocessing = 0;
			shellPath = /bin/sh;
			shellScript = "\"${BUILD_DIR%/Build/*}/SourcePackages/checkouts/firebase-ios-sdk/Crashlytics/run\"\n";
		};
/* End PBXShellScriptBuildPhase section */

/* Begin PBXSourcesBuildPhase section */
		DD2AF3FB287F61FB0017A64C /* Sources */ = {
			isa = PBXSourcesBuildPhase;
			buildActionMask = 2147483647;
			files = (
				DD2AF405287F61FB0017A64C /* RootView.swift in Sources */,
				DDCE7847288438CF00ACA7BF /* UserProfileView.swift in Sources */,
				DDCE781F2883697800ACA7BF /* OverlayNavigationLink.swift in Sources */,
				DDCE78212883F90600ACA7BF /* ReportDraft.swift in Sources */,
				DD2AF403287F61FB0017A64C /* TbilisiCleanupsApp.swift in Sources */,
				DDCE784C288443C800ACA7BF /* ReportSubmissionView.swift in Sources */,
				DD2AF4752881EED10017A64C /* AppState.swift in Sources */,
				DDCE7803288308E100ACA7BF /* MapView.swift in Sources */,
				DD2AF479288209BD0017A64C /* ReportPhotosViewModel.swift in Sources */,
				DD8B25C82887191B0013D50F /* Report.swift in Sources */,
				DDB1D80D2889309300CE464B /* State+L10n.swift in Sources */,
				DD2AF470288054860017A64C /* ReportLocationViewModel.swift in Sources */,
				DD2AF46C287F67B60017A64C /* ReportStartView.swift in Sources */,
				DD2AF477288209940017A64C /* ReportPhotosView.swift in Sources */,
				DD7838742884B6FF00ED2CE9 /* S3Service.swift in Sources */,
				DDCE78492884434A00ACA7BF /* ReportService.swift in Sources */,
				DD2AF46E287F71B70017A64C /* ReportLocationView.swift in Sources */,
				DD2AF47C28821AF90017A64C /* PhotoPicker.swift in Sources */,
				DD0632E7288C3CE3001DEC31 /* LoadingState.swift in Sources */,
				DDCE78232883F96000ACA7BF /* UserState.swift in Sources */,
				DD0632E5288BD976001DEC31 /* AboutView.swift in Sources */,
				DD39F262288623D20023F01D /* MediaUploadService.swift in Sources */,
				DD7838722884B56C00ED2CE9 /* SotoAWSConfigHelper.swift in Sources */,
				DDCE78442884341F00ACA7BF /* AuthService.swift in Sources */,
				DD2AF4722881EB030017A64C /* ReportDescriptionView.swift in Sources */,
				DDCE78272883FD8700ACA7BF /* FirebaseAuthView.swift in Sources */,
			);
			runOnlyForDeploymentPostprocessing = 0;
		};
		DD2AF40B287F61FC0017A64C /* Sources */ = {
			isa = PBXSourcesBuildPhase;
			buildActionMask = 2147483647;
			files = (
				DD2AF414287F61FC0017A64C /* TbilisiCleanupsTests.swift in Sources */,
			);
			runOnlyForDeploymentPostprocessing = 0;
		};
		DD2AF415287F61FC0017A64C /* Sources */ = {
			isa = PBXSourcesBuildPhase;
			buildActionMask = 2147483647;
			files = (
				DD2AF420287F61FC0017A64C /* TbilisiCleanupsUITestsLaunchTests.swift in Sources */,
				DD2AF41E287F61FC0017A64C /* TbilisiCleanupsUITests.swift in Sources */,
			);
			runOnlyForDeploymentPostprocessing = 0;
		};
/* End PBXSourcesBuildPhase section */

/* Begin PBXTargetDependency section */
		DD2AF411287F61FC0017A64C /* PBXTargetDependency */ = {
			isa = PBXTargetDependency;
			target = DD2AF3FE287F61FB0017A64C /* TbilisiCleanups */;
			targetProxy = DD2AF410287F61FC0017A64C /* PBXContainerItemProxy */;
		};
		DD2AF41B287F61FC0017A64C /* PBXTargetDependency */ = {
			isa = PBXTargetDependency;
			target = DD2AF3FE287F61FB0017A64C /* TbilisiCleanups */;
			targetProxy = DD2AF41A287F61FC0017A64C /* PBXContainerItemProxy */;
		};
/* End PBXTargetDependency section */

/* Begin XCBuildConfiguration section */
		DD2AF421287F61FC0017A64C /* Debug */ = {
			isa = XCBuildConfiguration;
			buildSettings = {
				ALWAYS_SEARCH_USER_PATHS = NO;
				CLANG_ANALYZER_NONNULL = YES;
				CLANG_ANALYZER_NUMBER_OBJECT_CONVERSION = YES_AGGRESSIVE;
				CLANG_CXX_LANGUAGE_STANDARD = "gnu++17";
				CLANG_ENABLE_MODULES = YES;
				CLANG_ENABLE_OBJC_ARC = YES;
				CLANG_ENABLE_OBJC_WEAK = YES;
				CLANG_WARN_BLOCK_CAPTURE_AUTORELEASING = YES;
				CLANG_WARN_BOOL_CONVERSION = YES;
				CLANG_WARN_COMMA = YES;
				CLANG_WARN_CONSTANT_CONVERSION = YES;
				CLANG_WARN_DEPRECATED_OBJC_IMPLEMENTATIONS = YES;
				CLANG_WARN_DIRECT_OBJC_ISA_USAGE = YES_ERROR;
				CLANG_WARN_DOCUMENTATION_COMMENTS = YES;
				CLANG_WARN_EMPTY_BODY = YES;
				CLANG_WARN_ENUM_CONVERSION = YES;
				CLANG_WARN_INFINITE_RECURSION = YES;
				CLANG_WARN_INT_CONVERSION = YES;
				CLANG_WARN_NON_LITERAL_NULL_CONVERSION = YES;
				CLANG_WARN_OBJC_IMPLICIT_RETAIN_SELF = YES;
				CLANG_WARN_OBJC_LITERAL_CONVERSION = YES;
				CLANG_WARN_OBJC_ROOT_CLASS = YES_ERROR;
				CLANG_WARN_QUOTED_INCLUDE_IN_FRAMEWORK_HEADER = YES;
				CLANG_WARN_RANGE_LOOP_ANALYSIS = YES;
				CLANG_WARN_STRICT_PROTOTYPES = YES;
				CLANG_WARN_SUSPICIOUS_MOVE = YES;
				CLANG_WARN_UNGUARDED_AVAILABILITY = YES_AGGRESSIVE;
				CLANG_WARN_UNREACHABLE_CODE = YES;
				CLANG_WARN__DUPLICATE_METHOD_MATCH = YES;
				COPY_PHASE_STRIP = NO;
				DEBUG_INFORMATION_FORMAT = dwarf;
				ENABLE_STRICT_OBJC_MSGSEND = YES;
				ENABLE_TESTABILITY = YES;
				GCC_C_LANGUAGE_STANDARD = gnu11;
				GCC_DYNAMIC_NO_PIC = NO;
				GCC_NO_COMMON_BLOCKS = YES;
				GCC_OPTIMIZATION_LEVEL = 0;
				GCC_PREPROCESSOR_DEFINITIONS = (
					"DEBUG=1",
					"$(inherited)",
				);
				GCC_WARN_64_TO_32_BIT_CONVERSION = YES;
				GCC_WARN_ABOUT_RETURN_TYPE = YES_ERROR;
				GCC_WARN_UNDECLARED_SELECTOR = YES;
				GCC_WARN_UNINITIALIZED_AUTOS = YES_AGGRESSIVE;
				GCC_WARN_UNUSED_FUNCTION = YES;
				GCC_WARN_UNUSED_VARIABLE = YES;
				IPHONEOS_DEPLOYMENT_TARGET = 15.0;
				MTL_ENABLE_DEBUG_INFO = INCLUDE_SOURCE;
				MTL_FAST_MATH = YES;
				ONLY_ACTIVE_ARCH = YES;
				SDKROOT = iphoneos;
				SWIFT_ACTIVE_COMPILATION_CONDITIONS = DEBUG;
				SWIFT_OPTIMIZATION_LEVEL = "-Onone";
			};
			name = Debug;
		};
		DD2AF422287F61FC0017A64C /* Release */ = {
			isa = XCBuildConfiguration;
			buildSettings = {
				ALWAYS_SEARCH_USER_PATHS = NO;
				CLANG_ANALYZER_NONNULL = YES;
				CLANG_ANALYZER_NUMBER_OBJECT_CONVERSION = YES_AGGRESSIVE;
				CLANG_CXX_LANGUAGE_STANDARD = "gnu++17";
				CLANG_ENABLE_MODULES = YES;
				CLANG_ENABLE_OBJC_ARC = YES;
				CLANG_ENABLE_OBJC_WEAK = YES;
				CLANG_WARN_BLOCK_CAPTURE_AUTORELEASING = YES;
				CLANG_WARN_BOOL_CONVERSION = YES;
				CLANG_WARN_COMMA = YES;
				CLANG_WARN_CONSTANT_CONVERSION = YES;
				CLANG_WARN_DEPRECATED_OBJC_IMPLEMENTATIONS = YES;
				CLANG_WARN_DIRECT_OBJC_ISA_USAGE = YES_ERROR;
				CLANG_WARN_DOCUMENTATION_COMMENTS = YES;
				CLANG_WARN_EMPTY_BODY = YES;
				CLANG_WARN_ENUM_CONVERSION = YES;
				CLANG_WARN_INFINITE_RECURSION = YES;
				CLANG_WARN_INT_CONVERSION = YES;
				CLANG_WARN_NON_LITERAL_NULL_CONVERSION = YES;
				CLANG_WARN_OBJC_IMPLICIT_RETAIN_SELF = YES;
				CLANG_WARN_OBJC_LITERAL_CONVERSION = YES;
				CLANG_WARN_OBJC_ROOT_CLASS = YES_ERROR;
				CLANG_WARN_QUOTED_INCLUDE_IN_FRAMEWORK_HEADER = YES;
				CLANG_WARN_RANGE_LOOP_ANALYSIS = YES;
				CLANG_WARN_STRICT_PROTOTYPES = YES;
				CLANG_WARN_SUSPICIOUS_MOVE = YES;
				CLANG_WARN_UNGUARDED_AVAILABILITY = YES_AGGRESSIVE;
				CLANG_WARN_UNREACHABLE_CODE = YES;
				CLANG_WARN__DUPLICATE_METHOD_MATCH = YES;
				COPY_PHASE_STRIP = NO;
				DEBUG_INFORMATION_FORMAT = "dwarf-with-dsym";
				ENABLE_NS_ASSERTIONS = NO;
				ENABLE_STRICT_OBJC_MSGSEND = YES;
				GCC_C_LANGUAGE_STANDARD = gnu11;
				GCC_NO_COMMON_BLOCKS = YES;
				GCC_WARN_64_TO_32_BIT_CONVERSION = YES;
				GCC_WARN_ABOUT_RETURN_TYPE = YES_ERROR;
				GCC_WARN_UNDECLARED_SELECTOR = YES;
				GCC_WARN_UNINITIALIZED_AUTOS = YES_AGGRESSIVE;
				GCC_WARN_UNUSED_FUNCTION = YES;
				GCC_WARN_UNUSED_VARIABLE = YES;
				IPHONEOS_DEPLOYMENT_TARGET = 15.0;
				MTL_ENABLE_DEBUG_INFO = NO;
				MTL_FAST_MATH = YES;
				SDKROOT = iphoneos;
				SWIFT_COMPILATION_MODE = wholemodule;
				SWIFT_OPTIMIZATION_LEVEL = "-O";
				VALIDATE_PRODUCT = YES;
			};
			name = Release;
		};
		DD2AF424287F61FC0017A64C /* Debug */ = {
			isa = XCBuildConfiguration;
			buildSettings = {
				ASSETCATALOG_COMPILER_APPICON_NAME = AppIcon;
				ASSETCATALOG_COMPILER_GLOBAL_ACCENT_COLOR_NAME = AccentColor;
				CODE_SIGN_ENTITLEMENTS = TbilisiCleanups/TbilisiCleanups.entitlements;
				CODE_SIGN_IDENTITY = "iPhone Developer";
				CODE_SIGN_STYLE = Manual;
				CURRENT_PROJECT_VERSION = 0;
				DEBUG_INFORMATION_FORMAT = "dwarf-with-dsym";
				DEVELOPMENT_ASSET_PATHS = "\"TbilisiCleanups/Preview Content\"";
				DEVELOPMENT_TEAM = PQTAJ5C86Z;
				ENABLE_PREVIEWS = YES;
				GENERATE_INFOPLIST_FILE = YES;
				INFOPLIST_FILE = TbilisiCleanups/Info.plist;
				INFOPLIST_KEY_NSLocationWhenInUseUsageDescription = "The app uses your current location to show it on a map when you submit a report.";
				INFOPLIST_KEY_NSPhotoLibraryUsageDescription = "The app needs access to the photo library in order to let you choose photos for the reports.";
				INFOPLIST_KEY_UIApplicationSceneManifest_Generation = YES;
				INFOPLIST_KEY_UIApplicationSupportsIndirectInputEvents = YES;
				INFOPLIST_KEY_UILaunchScreen_Generation = YES;
				INFOPLIST_KEY_UISupportedInterfaceOrientations_iPad = "UIInterfaceOrientationPortrait UIInterfaceOrientationPortraitUpsideDown UIInterfaceOrientationLandscapeLeft UIInterfaceOrientationLandscapeRight";
				INFOPLIST_KEY_UISupportedInterfaceOrientations_iPhone = "UIInterfaceOrientationPortrait UIInterfaceOrientationLandscapeLeft UIInterfaceOrientationLandscapeRight";
				IPHONEOS_DEPLOYMENT_TARGET = 15.0;
				LD_RUNPATH_SEARCH_PATHS = (
					"$(inherited)",
					"@executable_path/Frameworks",
				);
				MARKETING_VERSION = 1.0;
				OTHER_LDFLAGS = "-ObjC";
				PRODUCT_BUNDLE_IDENTIFIER = net.vadimbelyaev.TbilisiCleanups;
				PRODUCT_NAME = "$(TARGET_NAME)";
				PROVISIONING_PROFILE_SPECIFIER = "Tbilisi Cleanups Development";
				SWIFT_EMIT_LOC_STRINGS = YES;
				SWIFT_VERSION = 5.0;
				TARGETED_DEVICE_FAMILY = "1,2";
			};
			name = Debug;
		};
		DD2AF425287F61FC0017A64C /* Release */ = {
			isa = XCBuildConfiguration;
			buildSettings = {
				ASSETCATALOG_COMPILER_APPICON_NAME = AppIcon;
				ASSETCATALOG_COMPILER_GLOBAL_ACCENT_COLOR_NAME = AccentColor;
				CODE_SIGN_ENTITLEMENTS = TbilisiCleanups/TbilisiCleanups.entitlements;
				CODE_SIGN_IDENTITY = "iPhone Distribution";
				CODE_SIGN_STYLE = Manual;
				CURRENT_PROJECT_VERSION = 0;
				DEVELOPMENT_ASSET_PATHS = "\"TbilisiCleanups/Preview Content\"";
				DEVELOPMENT_TEAM = PQTAJ5C86Z;
				ENABLE_PREVIEWS = YES;
				GENERATE_INFOPLIST_FILE = YES;
				INFOPLIST_FILE = TbilisiCleanups/Info.plist;
				INFOPLIST_KEY_NSLocationWhenInUseUsageDescription = "The app uses your current location to show it on a map when you submit a report.";
				INFOPLIST_KEY_NSPhotoLibraryUsageDescription = "The app needs access to the photo library in order to let you choose photos for the reports.";
				INFOPLIST_KEY_UIApplicationSceneManifest_Generation = YES;
				INFOPLIST_KEY_UIApplicationSupportsIndirectInputEvents = YES;
				INFOPLIST_KEY_UILaunchScreen_Generation = YES;
				INFOPLIST_KEY_UISupportedInterfaceOrientations_iPad = "UIInterfaceOrientationPortrait UIInterfaceOrientationPortraitUpsideDown UIInterfaceOrientationLandscapeLeft UIInterfaceOrientationLandscapeRight";
				INFOPLIST_KEY_UISupportedInterfaceOrientations_iPhone = "UIInterfaceOrientationPortrait UIInterfaceOrientationLandscapeLeft UIInterfaceOrientationLandscapeRight";
				IPHONEOS_DEPLOYMENT_TARGET = 15.0;
				LD_RUNPATH_SEARCH_PATHS = (
					"$(inherited)",
					"@executable_path/Frameworks",
				);
				MARKETING_VERSION = 1.0;
				OTHER_LDFLAGS = "-ObjC";
				PRODUCT_BUNDLE_IDENTIFIER = net.vadimbelyaev.TbilisiCleanups;
				PRODUCT_NAME = "$(TARGET_NAME)";
				PROVISIONING_PROFILE_SPECIFIER = "match AppStore net.vadimbelyaev.TbilisiCleanups";
				SWIFT_EMIT_LOC_STRINGS = YES;
				SWIFT_VERSION = 5.0;
				TARGETED_DEVICE_FAMILY = "1,2";
			};
			name = Release;
		};
		DD2AF427287F61FC0017A64C /* Debug */ = {
			isa = XCBuildConfiguration;
			buildSettings = {
				ALWAYS_EMBED_SWIFT_STANDARD_LIBRARIES = YES;
				BUNDLE_LOADER = "$(TEST_HOST)";
				CODE_SIGN_STYLE = Manual;
				CURRENT_PROJECT_VERSION = 1;
				DEBUG_INFORMATION_FORMAT = "dwarf-with-dsym";
				DEVELOPMENT_TEAM = "";
				GENERATE_INFOPLIST_FILE = YES;
				IPHONEOS_DEPLOYMENT_TARGET = 15.5;
				MARKETING_VERSION = 1.0;
				PRODUCT_BUNDLE_IDENTIFIER = net.vadimbelyaev.TbilisiCleanupsTests;
				PRODUCT_NAME = "$(TARGET_NAME)";
				PROVISIONING_PROFILE_SPECIFIER = "";
				"PROVISIONING_PROFILE_SPECIFIER[sdk=macosx*]" = "";
				SWIFT_EMIT_LOC_STRINGS = NO;
				SWIFT_VERSION = 5.0;
				TARGETED_DEVICE_FAMILY = "1,2";
				TEST_HOST = "$(BUILT_PRODUCTS_DIR)/TbilisiCleanups.app/TbilisiCleanups";
			};
			name = Debug;
		};
		DD2AF428287F61FC0017A64C /* Release */ = {
			isa = XCBuildConfiguration;
			buildSettings = {
				ALWAYS_EMBED_SWIFT_STANDARD_LIBRARIES = YES;
				BUNDLE_LOADER = "$(TEST_HOST)";
				CODE_SIGN_STYLE = Manual;
				CURRENT_PROJECT_VERSION = 1;
				DEVELOPMENT_TEAM = "";
				GENERATE_INFOPLIST_FILE = YES;
				IPHONEOS_DEPLOYMENT_TARGET = 15.5;
				MARKETING_VERSION = 1.0;
				PRODUCT_BUNDLE_IDENTIFIER = net.vadimbelyaev.TbilisiCleanupsTests;
				PRODUCT_NAME = "$(TARGET_NAME)";
				PROVISIONING_PROFILE_SPECIFIER = "";
				"PROVISIONING_PROFILE_SPECIFIER[sdk=macosx*]" = "";
				SWIFT_EMIT_LOC_STRINGS = NO;
				SWIFT_VERSION = 5.0;
				TARGETED_DEVICE_FAMILY = "1,2";
				TEST_HOST = "$(BUILT_PRODUCTS_DIR)/TbilisiCleanups.app/TbilisiCleanups";
			};
			name = Release;
		};
		DD2AF42A287F61FC0017A64C /* Debug */ = {
			isa = XCBuildConfiguration;
			buildSettings = {
				ALWAYS_EMBED_SWIFT_STANDARD_LIBRARIES = YES;
				CODE_SIGN_STYLE = Manual;
				CURRENT_PROJECT_VERSION = 1;
				DEBUG_INFORMATION_FORMAT = "dwarf-with-dsym";
				DEVELOPMENT_TEAM = "";
				GENERATE_INFOPLIST_FILE = YES;
				MARKETING_VERSION = 1.0;
				PRODUCT_BUNDLE_IDENTIFIER = net.vadimbelyaev.TbilisiCleanupsUITests;
				PRODUCT_NAME = "$(TARGET_NAME)";
				PROVISIONING_PROFILE_SPECIFIER = "";
				"PROVISIONING_PROFILE_SPECIFIER[sdk=macosx*]" = "";
				SWIFT_EMIT_LOC_STRINGS = NO;
				SWIFT_VERSION = 5.0;
				TARGETED_DEVICE_FAMILY = "1,2";
				TEST_TARGET_NAME = TbilisiCleanups;
			};
			name = Debug;
		};
		DD2AF42B287F61FC0017A64C /* Release */ = {
			isa = XCBuildConfiguration;
			buildSettings = {
				ALWAYS_EMBED_SWIFT_STANDARD_LIBRARIES = YES;
				CODE_SIGN_STYLE = Manual;
				CURRENT_PROJECT_VERSION = 1;
				DEVELOPMENT_TEAM = "";
				GENERATE_INFOPLIST_FILE = YES;
				MARKETING_VERSION = 1.0;
				PRODUCT_BUNDLE_IDENTIFIER = net.vadimbelyaev.TbilisiCleanupsUITests;
				PRODUCT_NAME = "$(TARGET_NAME)";
				PROVISIONING_PROFILE_SPECIFIER = "";
				"PROVISIONING_PROFILE_SPECIFIER[sdk=macosx*]" = "";
				SWIFT_EMIT_LOC_STRINGS = NO;
				SWIFT_VERSION = 5.0;
				TARGETED_DEVICE_FAMILY = "1,2";
				TEST_TARGET_NAME = TbilisiCleanups;
			};
			name = Release;
		};
/* End XCBuildConfiguration section */

/* Begin XCConfigurationList section */
		DD2AF3FA287F61FB0017A64C /* Build configuration list for PBXProject "TbilisiCleanups" */ = {
			isa = XCConfigurationList;
			buildConfigurations = (
				DD2AF421287F61FC0017A64C /* Debug */,
				DD2AF422287F61FC0017A64C /* Release */,
			);
			defaultConfigurationIsVisible = 0;
			defaultConfigurationName = Release;
		};
		DD2AF423287F61FC0017A64C /* Build configuration list for PBXNativeTarget "TbilisiCleanups" */ = {
			isa = XCConfigurationList;
			buildConfigurations = (
				DD2AF424287F61FC0017A64C /* Debug */,
				DD2AF425287F61FC0017A64C /* Release */,
			);
			defaultConfigurationIsVisible = 0;
			defaultConfigurationName = Release;
		};
		DD2AF426287F61FC0017A64C /* Build configuration list for PBXNativeTarget "TbilisiCleanupsTests" */ = {
			isa = XCConfigurationList;
			buildConfigurations = (
				DD2AF427287F61FC0017A64C /* Debug */,
				DD2AF428287F61FC0017A64C /* Release */,
			);
			defaultConfigurationIsVisible = 0;
			defaultConfigurationName = Release;
		};
		DD2AF429287F61FC0017A64C /* Build configuration list for PBXNativeTarget "TbilisiCleanupsUITests" */ = {
			isa = XCConfigurationList;
			buildConfigurations = (
				DD2AF42A287F61FC0017A64C /* Debug */,
				DD2AF42B287F61FC0017A64C /* Release */,
			);
			defaultConfigurationIsVisible = 0;
			defaultConfigurationName = Release;
		};
/* End XCConfigurationList section */

/* Begin XCRemoteSwiftPackageReference section */
		DDCE78282884041100ACA7BF /* XCRemoteSwiftPackageReference "firebase-ios-sdk" */ = {
			isa = XCRemoteSwiftPackageReference;
			repositoryURL = "https://github.com/firebase/firebase-ios-sdk.git";
			requirement = {
				kind = upToNextMajorVersion;
				minimumVersion = 9.0.0;
			};
		};
		DDCE78362884079600ACA7BF /* XCRemoteSwiftPackageReference "FirebaseUI-iOS" */ = {
			isa = XCRemoteSwiftPackageReference;
			repositoryURL = "https://github.com/firebase/FirebaseUI-iOS.git";
			requirement = {
				kind = upToNextMajorVersion;
				minimumVersion = 12.2.0;
			};
		};
		DDCE78552884AFC100ACA7BF /* XCRemoteSwiftPackageReference "soto" */ = {
			isa = XCRemoteSwiftPackageReference;
			repositoryURL = "https://github.com/soto-project/soto.git";
			requirement = {
				kind = upToNextMajorVersion;
				minimumVersion = 6.0.0;
			};
		};
/* End XCRemoteSwiftPackageReference section */

/* Begin XCSwiftPackageProductDependency section */
		DDCE78292884041100ACA7BF /* FirebaseAnalytics */ = {
			isa = XCSwiftPackageProductDependency;
			package = DDCE78282884041100ACA7BF /* XCRemoteSwiftPackageReference "firebase-ios-sdk" */;
			productName = FirebaseAnalytics;
		};
		DDCE782B2884041100ACA7BF /* FirebaseAuth */ = {
			isa = XCSwiftPackageProductDependency;
			package = DDCE78282884041100ACA7BF /* XCRemoteSwiftPackageReference "firebase-ios-sdk" */;
			productName = FirebaseAuth;
		};
		DDCE782D2884041100ACA7BF /* FirebaseCrashlytics */ = {
			isa = XCSwiftPackageProductDependency;
			package = DDCE78282884041100ACA7BF /* XCRemoteSwiftPackageReference "firebase-ios-sdk" */;
			productName = FirebaseCrashlytics;
		};
		DDCE782F2884041100ACA7BF /* FirebaseFirestore */ = {
			isa = XCSwiftPackageProductDependency;
			package = DDCE78282884041100ACA7BF /* XCRemoteSwiftPackageReference "firebase-ios-sdk" */;
			productName = FirebaseFirestore;
		};
		DDCE78312884041100ACA7BF /* FirebaseMessaging */ = {
			isa = XCSwiftPackageProductDependency;
			package = DDCE78282884041100ACA7BF /* XCRemoteSwiftPackageReference "firebase-ios-sdk" */;
			productName = FirebaseMessaging;
		};
		DDCE78372884079600ACA7BF /* FirebaseAuthUI */ = {
			isa = XCSwiftPackageProductDependency;
			package = DDCE78362884079600ACA7BF /* XCRemoteSwiftPackageReference "FirebaseUI-iOS" */;
			productName = FirebaseAuthUI;
		};
		DDCE78392884079600ACA7BF /* FirebaseEmailAuthUI */ = {
			isa = XCSwiftPackageProductDependency;
			package = DDCE78362884079600ACA7BF /* XCRemoteSwiftPackageReference "FirebaseUI-iOS" */;
			productName = FirebaseEmailAuthUI;
		};
		DDCE783B2884079600ACA7BF /* FirebaseFacebookAuthUI */ = {
			isa = XCSwiftPackageProductDependency;
			package = DDCE78362884079600ACA7BF /* XCRemoteSwiftPackageReference "FirebaseUI-iOS" */;
			productName = FirebaseFacebookAuthUI;
		};
		DDCE783D2884079600ACA7BF /* FirebaseGoogleAuthUI */ = {
			isa = XCSwiftPackageProductDependency;
			package = DDCE78362884079600ACA7BF /* XCRemoteSwiftPackageReference "FirebaseUI-iOS" */;
			productName = FirebaseGoogleAuthUI;
		};
		DDCE783F2884079600ACA7BF /* FirebaseOAuthUI */ = {
			isa = XCSwiftPackageProductDependency;
			package = DDCE78362884079600ACA7BF /* XCRemoteSwiftPackageReference "FirebaseUI-iOS" */;
			productName = FirebaseOAuthUI;
		};
		DDCE78562884AFC100ACA7BF /* SotoS3 */ = {
			isa = XCSwiftPackageProductDependency;
			package = DDCE78552884AFC100ACA7BF /* XCRemoteSwiftPackageReference "soto" */;
			productName = SotoS3;
		};
/* End XCSwiftPackageProductDependency section */
	};
	rootObject = DD2AF3F7287F61FB0017A64C /* Project object */;
}
